// !$*UTF8*$!
{
	archiveVersion = 1;
	classes = {
	};
	objectVersion = 55;
	objects = {

/* Begin PBXBuildFile section */
		FA3AE600277098E6003543FD /* LoginViewController.swift in Sources */ = {isa = PBXBuildFile; fileRef = FA3AE5FF277098E6003543FD /* LoginViewController.swift */; };
		FA3AE60227709926003543FD /* LoginViewInput.swift in Sources */ = {isa = PBXBuildFile; fileRef = FA3AE60127709926003543FD /* LoginViewInput.swift */; };
		FA3AE60427709950003543FD /* LoginPresenter.swift in Sources */ = {isa = PBXBuildFile; fileRef = FA3AE60327709950003543FD /* LoginPresenter.swift */; };
		FA3AE60627709965003543FD /* LoginPresenterProtocol.swift in Sources */ = {isa = PBXBuildFile; fileRef = FA3AE60527709965003543FD /* LoginPresenterProtocol.swift */; };
		FA3AE60827709993003543FD /* LoginInteractorInput.swift in Sources */ = {isa = PBXBuildFile; fileRef = FA3AE60727709993003543FD /* LoginInteractorInput.swift */; };
		FA3AE60A277099AC003543FD /* LoginInteractor.swift in Sources */ = {isa = PBXBuildFile; fileRef = FA3AE609277099AC003543FD /* LoginInteractor.swift */; };
		FA3AE60C277099C6003543FD /* LoginRouter.swift in Sources */ = {isa = PBXBuildFile; fileRef = FA3AE60B277099C6003543FD /* LoginRouter.swift */; };
		FA3AE60E277099DD003543FD /* LoginAssembly.swift in Sources */ = {isa = PBXBuildFile; fileRef = FA3AE60D277099DD003543FD /* LoginAssembly.swift */; };
		FA3AE6162770BEDF003543FD /* RegisterViewController.swift in Sources */ = {isa = PBXBuildFile; fileRef = FA3AE6152770BEDF003543FD /* RegisterViewController.swift */; };
		FA3AE6182770BEF5003543FD /* RegisterViewInput.swift in Sources */ = {isa = PBXBuildFile; fileRef = FA3AE6172770BEF5003543FD /* RegisterViewInput.swift */; };
		FA3AE61A2770BF1D003543FD /* RegisterPresenterProtocol.swift in Sources */ = {isa = PBXBuildFile; fileRef = FA3AE6192770BF1D003543FD /* RegisterPresenterProtocol.swift */; };
		FA3AE61C2770BF33003543FD /* RegisterPresenter.swift in Sources */ = {isa = PBXBuildFile; fileRef = FA3AE61B2770BF33003543FD /* RegisterPresenter.swift */; };
		FA3AE61E2770BF5B003543FD /* RegisterInteractorInput.swift in Sources */ = {isa = PBXBuildFile; fileRef = FA3AE61D2770BF5B003543FD /* RegisterInteractorInput.swift */; };
		FA3AE6202770BF76003543FD /* RegisterInteractor.swift in Sources */ = {isa = PBXBuildFile; fileRef = FA3AE61F2770BF76003543FD /* RegisterInteractor.swift */; };
		FA3AE6222770BF8D003543FD /* RegisterRouter.swift in Sources */ = {isa = PBXBuildFile; fileRef = FA3AE6212770BF8D003543FD /* RegisterRouter.swift */; };
		FA3AE6242770BFA4003543FD /* RegisterAssembly.swift in Sources */ = {isa = PBXBuildFile; fileRef = FA3AE6232770BFA4003543FD /* RegisterAssembly.swift */; };
		FA3AE6272770CE57003543FD /* ServiceLocator.swift in Sources */ = {isa = PBXBuildFile; fileRef = FA3AE6262770CE57003543FD /* ServiceLocator.swift */; };
		FA3AE6292770CFB6003543FD /* AuthorizationService.swift in Sources */ = {isa = PBXBuildFile; fileRef = FA3AE6282770CFB6003543FD /* AuthorizationService.swift */; };
		FA3AE62C2770D289003543FD /* NetworkError.swift in Sources */ = {isa = PBXBuildFile; fileRef = FA3AE62B2770D289003543FD /* NetworkError.swift */; };
		FA4D16A0277AFB76002C6AB0 /* CustomSearchBar.swift in Sources */ = {isa = PBXBuildFile; fileRef = FA4D169F277AFB76002C6AB0 /* CustomSearchBar.swift */; };
		FA4D16A2277AFB88002C6AB0 /* CustomSearchBar.xib in Resources */ = {isa = PBXBuildFile; fileRef = FA4D16A1277AFB88002C6AB0 /* CustomSearchBar.xib */; };
		FA62164C2775AD9E00144DCE /* PlaceModel.swift in Sources */ = {isa = PBXBuildFile; fileRef = FA62164B2775AD9E00144DCE /* PlaceModel.swift */; };
		FA62164E2775B00C00144DCE /* FirebaseService.swift in Sources */ = {isa = PBXBuildFile; fileRef = FA62164D2775B00C00144DCE /* FirebaseService.swift */; };
		FA6216502775B2F600144DCE /* DictionaryHelpper.swift in Sources */ = {isa = PBXBuildFile; fileRef = FA62164F2775B2F600144DCE /* DictionaryHelpper.swift */; };
		FA6216532775C5FB00144DCE /* Kingfisher in Frameworks */ = {isa = PBXBuildFile; productRef = FA6216522775C5FB00144DCE /* Kingfisher */; };
		FA6216582775D18000144DCE /* CellProtocols.swift in Sources */ = {isa = PBXBuildFile; fileRef = FA6216572775D18000144DCE /* CellProtocols.swift */; };
		FA62165A2775D31800144DCE /* FirstPlaceTableCellModel.swift in Sources */ = {isa = PBXBuildFile; fileRef = FA6216592775D31800144DCE /* FirstPlaceTableCellModel.swift */; };
		FA62165C277600A400144DCE /* FeaturedPlacesTableViewCell.swift in Sources */ = {isa = PBXBuildFile; fileRef = FA62165B277600A400144DCE /* FeaturedPlacesTableViewCell.swift */; };
		FA62165E2776011600144DCE /* DetailPlaceCollectionViewCell.swift in Sources */ = {isa = PBXBuildFile; fileRef = FA62165D2776011600144DCE /* DetailPlaceCollectionViewCell.swift */; };
		FA6216602776087C00144DCE /* FeturedTableCellModel.swift in Sources */ = {isa = PBXBuildFile; fileRef = FA62165F2776087C00144DCE /* FeturedTableCellModel.swift */; };
		FAA5C1E32773093A007ED365 /* HomeViewController.swift in Sources */ = {isa = PBXBuildFile; fileRef = FAA5C1E22773093A007ED365 /* HomeViewController.swift */; };
		FAA5C1E527730953007ED365 /* HomeViewInput.swift in Sources */ = {isa = PBXBuildFile; fileRef = FAA5C1E427730953007ED365 /* HomeViewInput.swift */; };
		FAA5C1E827730980007ED365 /* HomePresenterProtocol.swift in Sources */ = {isa = PBXBuildFile; fileRef = FAA5C1E727730980007ED365 /* HomePresenterProtocol.swift */; };
		FAA5C1EA2773099E007ED365 /* HomePresenter.swift in Sources */ = {isa = PBXBuildFile; fileRef = FAA5C1E92773099E007ED365 /* HomePresenter.swift */; };
		FAA5C1EC277309BD007ED365 /* HomeInteractorInput.swift in Sources */ = {isa = PBXBuildFile; fileRef = FAA5C1EB277309BD007ED365 /* HomeInteractorInput.swift */; };
		FAA5C1EE277309D5007ED365 /* HomeInteractor.swift in Sources */ = {isa = PBXBuildFile; fileRef = FAA5C1ED277309D5007ED365 /* HomeInteractor.swift */; };
		FAA5C1F0277309ED007ED365 /* HomeRouter.swift in Sources */ = {isa = PBXBuildFile; fileRef = FAA5C1EF277309ED007ED365 /* HomeRouter.swift */; };
		FAA5C1F227730A46007ED365 /* HomeAssembly.swift in Sources */ = {isa = PBXBuildFile; fileRef = FAA5C1F127730A46007ED365 /* HomeAssembly.swift */; };
		FAA5C1F527731A66007ED365 /* GoogleSignIn in Frameworks */ = {isa = PBXBuildFile; productRef = FAA5C1F427731A66007ED365 /* GoogleSignIn */; };
		FAA5C1F927732C92007ED365 /* FacebookLogin in Frameworks */ = {isa = PBXBuildFile; productRef = FAA5C1F827732C92007ED365 /* FacebookLogin */; };
		FAA5C1FC27733BC6007ED365 /* FacebookCore in Frameworks */ = {isa = PBXBuildFile; productRef = FAA5C1FB27733BC6007ED365 /* FacebookCore */; };
		FAA5C2042773505F007ED365 /* OnboardingViewController.swift in Sources */ = {isa = PBXBuildFile; fileRef = FAA5C2032773505F007ED365 /* OnboardingViewController.swift */; };
		FAA5C20627735077007ED365 /* OnboardingViewInput.swift in Sources */ = {isa = PBXBuildFile; fileRef = FAA5C20527735077007ED365 /* OnboardingViewInput.swift */; };
		FAA5C208277350A1007ED365 /* OnboardingPresenterProtocol.swift in Sources */ = {isa = PBXBuildFile; fileRef = FAA5C207277350A1007ED365 /* OnboardingPresenterProtocol.swift */; };
		FAA5C20A277350B3007ED365 /* OnboardingPresenter.swift in Sources */ = {isa = PBXBuildFile; fileRef = FAA5C209277350B3007ED365 /* OnboardingPresenter.swift */; };
		FAA5C20C277350D6007ED365 /* OnboardingInteractorInput.swift in Sources */ = {isa = PBXBuildFile; fileRef = FAA5C20B277350D6007ED365 /* OnboardingInteractorInput.swift */; };
		FAA5C20E277350E9007ED365 /* OnboardingInteractor.swift in Sources */ = {isa = PBXBuildFile; fileRef = FAA5C20D277350E9007ED365 /* OnboardingInteractor.swift */; };
		FAA5C21027735108007ED365 /* OnboardingRouter.swift in Sources */ = {isa = PBXBuildFile; fileRef = FAA5C20F27735108007ED365 /* OnboardingRouter.swift */; };
		FAA5C21227735155007ED365 /* OnboardingAssembly.swift in Sources */ = {isa = PBXBuildFile; fileRef = FAA5C21127735155007ED365 /* OnboardingAssembly.swift */; };
		FAA5C218277356D5007ED365 /* CustomPageControl.swift in Sources */ = {isa = PBXBuildFile; fileRef = FAA5C217277356D5007ED365 /* CustomPageControl.swift */; };
		FAA5C21C2773610B007ED365 /* OnboardingCollectionViewCell.swift in Sources */ = {isa = PBXBuildFile; fileRef = FAA5C21B2773610B007ED365 /* OnboardingCollectionViewCell.swift */; };
		FAA5C21F277365F5007ED365 /* OnboardingCellViewModel.swift in Sources */ = {isa = PBXBuildFile; fileRef = FAA5C21E277365F5007ED365 /* OnboardingCellViewModel.swift */; };
		FAB1713B277093AA004ACB90 /* AppDelegate.swift in Sources */ = {isa = PBXBuildFile; fileRef = FAB1713A277093AA004ACB90 /* AppDelegate.swift */; };
		FAB1713D277093AA004ACB90 /* SceneDelegate.swift in Sources */ = {isa = PBXBuildFile; fileRef = FAB1713C277093AA004ACB90 /* SceneDelegate.swift */; };
		FAB17142277093AA004ACB90 /* Main.storyboard in Resources */ = {isa = PBXBuildFile; fileRef = FAB17140277093AA004ACB90 /* Main.storyboard */; };
		FAB17144277093AB004ACB90 /* Assets.xcassets in Resources */ = {isa = PBXBuildFile; fileRef = FAB17143277093AB004ACB90 /* Assets.xcassets */; };
		FAB17147277093AB004ACB90 /* LaunchScreen.storyboard in Resources */ = {isa = PBXBuildFile; fileRef = FAB17145277093AB004ACB90 /* LaunchScreen.storyboard */; };
		FAB17152277093E7004ACB90 /* RxCocoa in Frameworks */ = {isa = PBXBuildFile; productRef = FAB17151277093E7004ACB90 /* RxCocoa */; };
		FAB17156277093E7004ACB90 /* RxSwift in Frameworks */ = {isa = PBXBuildFile; productRef = FAB17155277093E7004ACB90 /* RxSwift */; };
		FAB1715E27709432004ACB90 /* Alamofire in Frameworks */ = {isa = PBXBuildFile; productRef = FAB1715D27709432004ACB90 /* Alamofire */; };
		FAB1716127709493004ACB90 /* FirebaseAuth in Frameworks */ = {isa = PBXBuildFile; productRef = FAB1716027709493004ACB90 /* FirebaseAuth */; };
		FAB1716327709493004ACB90 /* FirebaseCrashlytics in Frameworks */ = {isa = PBXBuildFile; productRef = FAB1716227709493004ACB90 /* FirebaseCrashlytics */; };
		FAB1716527709493004ACB90 /* FirebaseFirestore in Frameworks */ = {isa = PBXBuildFile; productRef = FAB1716427709493004ACB90 /* FirebaseFirestore */; };
		FAB1716727709493004ACB90 /* FirebaseStorage in Frameworks */ = {isa = PBXBuildFile; productRef = FAB1716627709493004ACB90 /* FirebaseStorage */; };
		FAB171692770952C004ACB90 /* GoogleService-Info.plist in Resources */ = {isa = PBXBuildFile; fileRef = FAB171682770952C004ACB90 /* GoogleService-Info.plist */; };
		FAD6E4D72771B37E0029F418 /* SecureStorageService.swift in Sources */ = {isa = PBXBuildFile; fileRef = FAD6E4D62771B37E0029F418 /* SecureStorageService.swift */; };
		FAD6E4DC2771B5370029F418 /* BaseViewController.swift in Sources */ = {isa = PBXBuildFile; fileRef = FAD6E4DB2771B5370029F418 /* BaseViewController.swift */; };
		FAD6E4DF2771B9530029F418 /* CustomTextField.swift in Sources */ = {isa = PBXBuildFile; fileRef = FAD6E4DE2771B9530029F418 /* CustomTextField.swift */; };
		FAD6E4E12771B9670029F418 /* CustomTextField.xib in Resources */ = {isa = PBXBuildFile; fileRef = FAD6E4E02771B9670029F418 /* CustomTextField.xib */; };
		FAD6E4E42771B9EC0029F418 /* UIViewExtension.swift in Sources */ = {isa = PBXBuildFile; fileRef = FAD6E4E32771B9EC0029F418 /* UIViewExtension.swift */; };
		FAEB4C232774A09800ABC8FD /* FirstPlaceTableViewCell.swift in Sources */ = {isa = PBXBuildFile; fileRef = FAEB4C222774A09800ABC8FD /* FirstPlaceTableViewCell.swift */; };
		FAF467F92779B44F006044FB /* InfoTableViewCell.swift in Sources */ = {isa = PBXBuildFile; fileRef = FAF467F82779B44F006044FB /* InfoTableViewCell.swift */; };
		FAF467FB2779B4AE006044FB /* InfoCellModel.swift in Sources */ = {isa = PBXBuildFile; fileRef = FAF467FA2779B4AE006044FB /* InfoCellModel.swift */; };
		FAF468032779BD20006044FB /* RestaurantCellModel.swift in Sources */ = {isa = PBXBuildFile; fileRef = FAF468022779BD20006044FB /* RestaurantCellModel.swift */; };
		FAF4680E2779D3FE006044FB /* TitleTableViewCell.swift in Sources */ = {isa = PBXBuildFile; fileRef = FAF4680D2779D3FE006044FB /* TitleTableViewCell.swift */; };
		FAF468102779D41C006044FB /* TitleCellModel.swift in Sources */ = {isa = PBXBuildFile; fileRef = FAF4680F2779D41C006044FB /* TitleCellModel.swift */; };
		FAF468182779E315006044FB /* SearchViewInput.swift in Sources */ = {isa = PBXBuildFile; fileRef = FAF468172779E315006044FB /* SearchViewInput.swift */; };
		FAF4681A2779E324006044FB /* SearchViewController.swift in Sources */ = {isa = PBXBuildFile; fileRef = FAF468192779E324006044FB /* SearchViewController.swift */; };
		FAF4681C2779E330006044FB /* SearchPresenterProtocol.swift in Sources */ = {isa = PBXBuildFile; fileRef = FAF4681B2779E330006044FB /* SearchPresenterProtocol.swift */; };
		FAF4681E2779E33A006044FB /* SearchPresenter.swift in Sources */ = {isa = PBXBuildFile; fileRef = FAF4681D2779E33A006044FB /* SearchPresenter.swift */; };
		FAF468202779E345006044FB /* SearchInteractorInput.swift in Sources */ = {isa = PBXBuildFile; fileRef = FAF4681F2779E345006044FB /* SearchInteractorInput.swift */; };
		FAF468222779E350006044FB /* SearchInteractor.swift in Sources */ = {isa = PBXBuildFile; fileRef = FAF468212779E350006044FB /* SearchInteractor.swift */; };
		FAF468242779E359006044FB /* SearchRouter.swift in Sources */ = {isa = PBXBuildFile; fileRef = FAF468232779E359006044FB /* SearchRouter.swift */; };
		FAF468262779E363006044FB /* SearchAssembly.swift in Sources */ = {isa = PBXBuildFile; fileRef = FAF468252779E363006044FB /* SearchAssembly.swift */; };
		FAF468292779E994006044FB /* TestTableViewCell.swift in Sources */ = {isa = PBXBuildFile; fileRef = FAF468272779E994006044FB /* TestTableViewCell.swift */; };
		FAF4682A2779E994006044FB /* TestTableViewCell.xib in Resources */ = {isa = PBXBuildFile; fileRef = FAF468282779E994006044FB /* TestTableViewCell.xib */; };
		FAF4682F2779EC27006044FB /* TestCollectionViewCell.swift in Sources */ = {isa = PBXBuildFile; fileRef = FAF4682D2779EC27006044FB /* TestCollectionViewCell.swift */; };
		FAF468302779EC27006044FB /* TestCollectionViewCell.xib in Resources */ = {isa = PBXBuildFile; fileRef = FAF4682E2779EC27006044FB /* TestCollectionViewCell.xib */; };
/* End PBXBuildFile section */

/* Begin PBXFileReference section */
		FA3AE5FF277098E6003543FD /* LoginViewController.swift */ = {isa = PBXFileReference; lastKnownFileType = sourcecode.swift; path = LoginViewController.swift; sourceTree = "<group>"; };
		FA3AE60127709926003543FD /* LoginViewInput.swift */ = {isa = PBXFileReference; lastKnownFileType = sourcecode.swift; path = LoginViewInput.swift; sourceTree = "<group>"; };
		FA3AE60327709950003543FD /* LoginPresenter.swift */ = {isa = PBXFileReference; lastKnownFileType = sourcecode.swift; path = LoginPresenter.swift; sourceTree = "<group>"; };
		FA3AE60527709965003543FD /* LoginPresenterProtocol.swift */ = {isa = PBXFileReference; lastKnownFileType = sourcecode.swift; path = LoginPresenterProtocol.swift; sourceTree = "<group>"; };
		FA3AE60727709993003543FD /* LoginInteractorInput.swift */ = {isa = PBXFileReference; lastKnownFileType = sourcecode.swift; path = LoginInteractorInput.swift; sourceTree = "<group>"; };
		FA3AE609277099AC003543FD /* LoginInteractor.swift */ = {isa = PBXFileReference; lastKnownFileType = sourcecode.swift; path = LoginInteractor.swift; sourceTree = "<group>"; };
		FA3AE60B277099C6003543FD /* LoginRouter.swift */ = {isa = PBXFileReference; lastKnownFileType = sourcecode.swift; path = LoginRouter.swift; sourceTree = "<group>"; };
		FA3AE60D277099DD003543FD /* LoginAssembly.swift */ = {isa = PBXFileReference; lastKnownFileType = sourcecode.swift; path = LoginAssembly.swift; sourceTree = "<group>"; };
		FA3AE6152770BEDF003543FD /* RegisterViewController.swift */ = {isa = PBXFileReference; lastKnownFileType = sourcecode.swift; path = RegisterViewController.swift; sourceTree = "<group>"; };
		FA3AE6172770BEF5003543FD /* RegisterViewInput.swift */ = {isa = PBXFileReference; lastKnownFileType = sourcecode.swift; path = RegisterViewInput.swift; sourceTree = "<group>"; };
		FA3AE6192770BF1D003543FD /* RegisterPresenterProtocol.swift */ = {isa = PBXFileReference; lastKnownFileType = sourcecode.swift; path = RegisterPresenterProtocol.swift; sourceTree = "<group>"; };
		FA3AE61B2770BF33003543FD /* RegisterPresenter.swift */ = {isa = PBXFileReference; lastKnownFileType = sourcecode.swift; path = RegisterPresenter.swift; sourceTree = "<group>"; };
		FA3AE61D2770BF5B003543FD /* RegisterInteractorInput.swift */ = {isa = PBXFileReference; lastKnownFileType = sourcecode.swift; path = RegisterInteractorInput.swift; sourceTree = "<group>"; };
		FA3AE61F2770BF76003543FD /* RegisterInteractor.swift */ = {isa = PBXFileReference; lastKnownFileType = sourcecode.swift; path = RegisterInteractor.swift; sourceTree = "<group>"; };
		FA3AE6212770BF8D003543FD /* RegisterRouter.swift */ = {isa = PBXFileReference; lastKnownFileType = sourcecode.swift; path = RegisterRouter.swift; sourceTree = "<group>"; };
		FA3AE6232770BFA4003543FD /* RegisterAssembly.swift */ = {isa = PBXFileReference; lastKnownFileType = sourcecode.swift; path = RegisterAssembly.swift; sourceTree = "<group>"; };
		FA3AE6262770CE57003543FD /* ServiceLocator.swift */ = {isa = PBXFileReference; lastKnownFileType = sourcecode.swift; path = ServiceLocator.swift; sourceTree = "<group>"; };
		FA3AE6282770CFB6003543FD /* AuthorizationService.swift */ = {isa = PBXFileReference; lastKnownFileType = sourcecode.swift; path = AuthorizationService.swift; sourceTree = "<group>"; };
		FA3AE62B2770D289003543FD /* NetworkError.swift */ = {isa = PBXFileReference; lastKnownFileType = sourcecode.swift; path = NetworkError.swift; sourceTree = "<group>"; };
		FA4D169F277AFB76002C6AB0 /* CustomSearchBar.swift */ = {isa = PBXFileReference; lastKnownFileType = sourcecode.swift; path = CustomSearchBar.swift; sourceTree = "<group>"; };
		FA4D16A1277AFB88002C6AB0 /* CustomSearchBar.xib */ = {isa = PBXFileReference; lastKnownFileType = file.xib; path = CustomSearchBar.xib; sourceTree = "<group>"; };
		FA62164B2775AD9E00144DCE /* PlaceModel.swift */ = {isa = PBXFileReference; lastKnownFileType = sourcecode.swift; path = PlaceModel.swift; sourceTree = "<group>"; };
		FA62164D2775B00C00144DCE /* FirebaseService.swift */ = {isa = PBXFileReference; lastKnownFileType = sourcecode.swift; path = FirebaseService.swift; sourceTree = "<group>"; };
		FA62164F2775B2F600144DCE /* DictionaryHelpper.swift */ = {isa = PBXFileReference; lastKnownFileType = sourcecode.swift; path = DictionaryHelpper.swift; sourceTree = "<group>"; };
		FA6216572775D18000144DCE /* CellProtocols.swift */ = {isa = PBXFileReference; lastKnownFileType = sourcecode.swift; path = CellProtocols.swift; sourceTree = "<group>"; };
		FA6216592775D31800144DCE /* FirstPlaceTableCellModel.swift */ = {isa = PBXFileReference; lastKnownFileType = sourcecode.swift; path = FirstPlaceTableCellModel.swift; sourceTree = "<group>"; };
		FA62165B277600A400144DCE /* FeaturedPlacesTableViewCell.swift */ = {isa = PBXFileReference; lastKnownFileType = sourcecode.swift; path = FeaturedPlacesTableViewCell.swift; sourceTree = "<group>"; };
		FA62165D2776011600144DCE /* DetailPlaceCollectionViewCell.swift */ = {isa = PBXFileReference; lastKnownFileType = sourcecode.swift; path = DetailPlaceCollectionViewCell.swift; sourceTree = "<group>"; };
		FA62165F2776087C00144DCE /* FeturedTableCellModel.swift */ = {isa = PBXFileReference; lastKnownFileType = sourcecode.swift; path = FeturedTableCellModel.swift; sourceTree = "<group>"; };
		FAA5C1E22773093A007ED365 /* HomeViewController.swift */ = {isa = PBXFileReference; lastKnownFileType = sourcecode.swift; path = HomeViewController.swift; sourceTree = "<group>"; };
		FAA5C1E427730953007ED365 /* HomeViewInput.swift */ = {isa = PBXFileReference; lastKnownFileType = sourcecode.swift; path = HomeViewInput.swift; sourceTree = "<group>"; };
		FAA5C1E727730980007ED365 /* HomePresenterProtocol.swift */ = {isa = PBXFileReference; lastKnownFileType = sourcecode.swift; path = HomePresenterProtocol.swift; sourceTree = "<group>"; };
		FAA5C1E92773099E007ED365 /* HomePresenter.swift */ = {isa = PBXFileReference; lastKnownFileType = sourcecode.swift; path = HomePresenter.swift; sourceTree = "<group>"; };
		FAA5C1EB277309BD007ED365 /* HomeInteractorInput.swift */ = {isa = PBXFileReference; lastKnownFileType = sourcecode.swift; path = HomeInteractorInput.swift; sourceTree = "<group>"; };
		FAA5C1ED277309D5007ED365 /* HomeInteractor.swift */ = {isa = PBXFileReference; lastKnownFileType = sourcecode.swift; path = HomeInteractor.swift; sourceTree = "<group>"; };
		FAA5C1EF277309ED007ED365 /* HomeRouter.swift */ = {isa = PBXFileReference; lastKnownFileType = sourcecode.swift; path = HomeRouter.swift; sourceTree = "<group>"; };
		FAA5C1F127730A46007ED365 /* HomeAssembly.swift */ = {isa = PBXFileReference; lastKnownFileType = sourcecode.swift; path = HomeAssembly.swift; sourceTree = "<group>"; };
		FAA5C2032773505F007ED365 /* OnboardingViewController.swift */ = {isa = PBXFileReference; lastKnownFileType = sourcecode.swift; path = OnboardingViewController.swift; sourceTree = "<group>"; };
		FAA5C20527735077007ED365 /* OnboardingViewInput.swift */ = {isa = PBXFileReference; lastKnownFileType = sourcecode.swift; path = OnboardingViewInput.swift; sourceTree = "<group>"; };
		FAA5C207277350A1007ED365 /* OnboardingPresenterProtocol.swift */ = {isa = PBXFileReference; lastKnownFileType = sourcecode.swift; path = OnboardingPresenterProtocol.swift; sourceTree = "<group>"; };
		FAA5C209277350B3007ED365 /* OnboardingPresenter.swift */ = {isa = PBXFileReference; lastKnownFileType = sourcecode.swift; path = OnboardingPresenter.swift; sourceTree = "<group>"; };
		FAA5C20B277350D6007ED365 /* OnboardingInteractorInput.swift */ = {isa = PBXFileReference; lastKnownFileType = sourcecode.swift; path = OnboardingInteractorInput.swift; sourceTree = "<group>"; };
		FAA5C20D277350E9007ED365 /* OnboardingInteractor.swift */ = {isa = PBXFileReference; lastKnownFileType = sourcecode.swift; path = OnboardingInteractor.swift; sourceTree = "<group>"; };
		FAA5C20F27735108007ED365 /* OnboardingRouter.swift */ = {isa = PBXFileReference; lastKnownFileType = sourcecode.swift; path = OnboardingRouter.swift; sourceTree = "<group>"; };
		FAA5C21127735155007ED365 /* OnboardingAssembly.swift */ = {isa = PBXFileReference; lastKnownFileType = sourcecode.swift; path = OnboardingAssembly.swift; sourceTree = "<group>"; };
		FAA5C217277356D5007ED365 /* CustomPageControl.swift */ = {isa = PBXFileReference; lastKnownFileType = sourcecode.swift; path = CustomPageControl.swift; sourceTree = "<group>"; };
		FAA5C21B2773610B007ED365 /* OnboardingCollectionViewCell.swift */ = {isa = PBXFileReference; lastKnownFileType = sourcecode.swift; path = OnboardingCollectionViewCell.swift; sourceTree = "<group>"; };
		FAA5C21E277365F5007ED365 /* OnboardingCellViewModel.swift */ = {isa = PBXFileReference; lastKnownFileType = sourcecode.swift; path = OnboardingCellViewModel.swift; sourceTree = "<group>"; };
		FAB17137277093AA004ACB90 /* DeliveryApp.app */ = {isa = PBXFileReference; explicitFileType = wrapper.application; includeInIndex = 0; path = DeliveryApp.app; sourceTree = BUILT_PRODUCTS_DIR; };
		FAB1713A277093AA004ACB90 /* AppDelegate.swift */ = {isa = PBXFileReference; lastKnownFileType = sourcecode.swift; path = AppDelegate.swift; sourceTree = "<group>"; };
		FAB1713C277093AA004ACB90 /* SceneDelegate.swift */ = {isa = PBXFileReference; lastKnownFileType = sourcecode.swift; path = SceneDelegate.swift; sourceTree = "<group>"; };
		FAB17141277093AA004ACB90 /* Base */ = {isa = PBXFileReference; lastKnownFileType = file.storyboard; name = Base; path = Base.lproj/Main.storyboard; sourceTree = "<group>"; };
		FAB17143277093AB004ACB90 /* Assets.xcassets */ = {isa = PBXFileReference; lastKnownFileType = folder.assetcatalog; path = Assets.xcassets; sourceTree = "<group>"; };
		FAB17146277093AB004ACB90 /* Base */ = {isa = PBXFileReference; lastKnownFileType = file.storyboard; name = Base; path = Base.lproj/LaunchScreen.storyboard; sourceTree = "<group>"; };
		FAB17148277093AB004ACB90 /* Info.plist */ = {isa = PBXFileReference; lastKnownFileType = text.plist.xml; path = Info.plist; sourceTree = "<group>"; };
		FAB171682770952C004ACB90 /* GoogleService-Info.plist */ = {isa = PBXFileReference; fileEncoding = 4; lastKnownFileType = text.plist.xml; path = "GoogleService-Info.plist"; sourceTree = "<group>"; };
		FAD6E4D62771B37E0029F418 /* SecureStorageService.swift */ = {isa = PBXFileReference; lastKnownFileType = sourcecode.swift; path = SecureStorageService.swift; sourceTree = "<group>"; };
		FAD6E4DB2771B5370029F418 /* BaseViewController.swift */ = {isa = PBXFileReference; lastKnownFileType = sourcecode.swift; path = BaseViewController.swift; sourceTree = "<group>"; };
		FAD6E4DE2771B9530029F418 /* CustomTextField.swift */ = {isa = PBXFileReference; lastKnownFileType = sourcecode.swift; path = CustomTextField.swift; sourceTree = "<group>"; };
		FAD6E4E02771B9670029F418 /* CustomTextField.xib */ = {isa = PBXFileReference; lastKnownFileType = file.xib; path = CustomTextField.xib; sourceTree = "<group>"; };
		FAD6E4E32771B9EC0029F418 /* UIViewExtension.swift */ = {isa = PBXFileReference; lastKnownFileType = sourcecode.swift; path = UIViewExtension.swift; sourceTree = "<group>"; };
		FAEB4C222774A09800ABC8FD /* FirstPlaceTableViewCell.swift */ = {isa = PBXFileReference; lastKnownFileType = sourcecode.swift; path = FirstPlaceTableViewCell.swift; sourceTree = "<group>"; };
		FAF467F82779B44F006044FB /* InfoTableViewCell.swift */ = {isa = PBXFileReference; lastKnownFileType = sourcecode.swift; path = InfoTableViewCell.swift; sourceTree = "<group>"; };
		FAF467FA2779B4AE006044FB /* InfoCellModel.swift */ = {isa = PBXFileReference; lastKnownFileType = sourcecode.swift; path = InfoCellModel.swift; sourceTree = "<group>"; };
		FAF468022779BD20006044FB /* RestaurantCellModel.swift */ = {isa = PBXFileReference; lastKnownFileType = sourcecode.swift; path = RestaurantCellModel.swift; sourceTree = "<group>"; };
		FAF4680D2779D3FE006044FB /* TitleTableViewCell.swift */ = {isa = PBXFileReference; lastKnownFileType = sourcecode.swift; path = TitleTableViewCell.swift; sourceTree = "<group>"; };
		FAF4680F2779D41C006044FB /* TitleCellModel.swift */ = {isa = PBXFileReference; lastKnownFileType = sourcecode.swift; path = TitleCellModel.swift; sourceTree = "<group>"; };
		FAF468172779E315006044FB /* SearchViewInput.swift */ = {isa = PBXFileReference; lastKnownFileType = sourcecode.swift; path = SearchViewInput.swift; sourceTree = "<group>"; };
		FAF468192779E324006044FB /* SearchViewController.swift */ = {isa = PBXFileReference; lastKnownFileType = sourcecode.swift; path = SearchViewController.swift; sourceTree = "<group>"; };
		FAF4681B2779E330006044FB /* SearchPresenterProtocol.swift */ = {isa = PBXFileReference; lastKnownFileType = sourcecode.swift; path = SearchPresenterProtocol.swift; sourceTree = "<group>"; };
		FAF4681D2779E33A006044FB /* SearchPresenter.swift */ = {isa = PBXFileReference; lastKnownFileType = sourcecode.swift; path = SearchPresenter.swift; sourceTree = "<group>"; };
		FAF4681F2779E345006044FB /* SearchInteractorInput.swift */ = {isa = PBXFileReference; lastKnownFileType = sourcecode.swift; path = SearchInteractorInput.swift; sourceTree = "<group>"; };
		FAF468212779E350006044FB /* SearchInteractor.swift */ = {isa = PBXFileReference; lastKnownFileType = sourcecode.swift; path = SearchInteractor.swift; sourceTree = "<group>"; };
		FAF468232779E359006044FB /* SearchRouter.swift */ = {isa = PBXFileReference; lastKnownFileType = sourcecode.swift; path = SearchRouter.swift; sourceTree = "<group>"; };
		FAF468252779E363006044FB /* SearchAssembly.swift */ = {isa = PBXFileReference; lastKnownFileType = sourcecode.swift; path = SearchAssembly.swift; sourceTree = "<group>"; };
		FAF468272779E994006044FB /* TestTableViewCell.swift */ = {isa = PBXFileReference; lastKnownFileType = sourcecode.swift; path = TestTableViewCell.swift; sourceTree = "<group>"; };
		FAF468282779E994006044FB /* TestTableViewCell.xib */ = {isa = PBXFileReference; lastKnownFileType = file.xib; path = TestTableViewCell.xib; sourceTree = "<group>"; };
		FAF4682D2779EC27006044FB /* TestCollectionViewCell.swift */ = {isa = PBXFileReference; lastKnownFileType = sourcecode.swift; path = TestCollectionViewCell.swift; sourceTree = "<group>"; };
		FAF4682E2779EC27006044FB /* TestCollectionViewCell.xib */ = {isa = PBXFileReference; lastKnownFileType = file.xib; path = TestCollectionViewCell.xib; sourceTree = "<group>"; };
/* End PBXFileReference section */

/* Begin PBXFrameworksBuildPhase section */
		FAB17134277093AA004ACB90 /* Frameworks */ = {
			isa = PBXFrameworksBuildPhase;
			buildActionMask = 2147483647;
			files = (
				FAB17152277093E7004ACB90 /* RxCocoa in Frameworks */,
				FAA5C1FC27733BC6007ED365 /* FacebookCore in Frameworks */,
				FAA5C1F527731A66007ED365 /* GoogleSignIn in Frameworks */,
				FAB1716727709493004ACB90 /* FirebaseStorage in Frameworks */,
				FAB1715E27709432004ACB90 /* Alamofire in Frameworks */,
				FAB17156277093E7004ACB90 /* RxSwift in Frameworks */,
				FAA5C1F927732C92007ED365 /* FacebookLogin in Frameworks */,
				FAB1716527709493004ACB90 /* FirebaseFirestore in Frameworks */,
				FA6216532775C5FB00144DCE /* Kingfisher in Frameworks */,
				FAB1716327709493004ACB90 /* FirebaseCrashlytics in Frameworks */,
				FAB1716127709493004ACB90 /* FirebaseAuth in Frameworks */,
			);
			runOnlyForDeploymentPostprocessing = 0;
		};
/* End PBXFrameworksBuildPhase section */

/* Begin PBXGroup section */
		FA3AE5F52770967B003543FD /* Source */ = {
			isa = PBXGroup;
			children = (
				FAB17143277093AB004ACB90 /* Assets.xcassets */,
				FAB17148277093AB004ACB90 /* Info.plist */,
			);
			path = Source;
			sourceTree = "<group>";
		};
		FA3AE5F6277097FA003543FD /* Delegates */ = {
			isa = PBXGroup;
			children = (
				FAB1713A277093AA004ACB90 /* AppDelegate.swift */,
				FAB1713C277093AA004ACB90 /* SceneDelegate.swift */,
			);
			path = Delegates;
			sourceTree = "<group>";
		};
		FA3AE5F72770980E003543FD /* Modules */ = {
			isa = PBXGroup;
			children = (
				FAF468112779E2DA006044FB /* SearchScreen */,
				FAA5C1FD27735013007ED365 /* OnboardingScreen */,
				FAA5C1DC277308FD007ED365 /* HomeScreen */,
				FA3AE60F2770BE6E003543FD /* RegisterScreen */,
				FA3AE5F927709879003543FD /* LoginScreen */,
			);
			path = Modules;
			sourceTree = "<group>";
		};
		FA3AE5F827709816003543FD /* Storyboards */ = {
			isa = PBXGroup;
			children = (
				FAB17145277093AB004ACB90 /* LaunchScreen.storyboard */,
				FAB17140277093AA004ACB90 /* Main.storyboard */,
			);
			path = Storyboards;
			sourceTree = "<group>";
		};
		FA3AE5F927709879003543FD /* LoginScreen */ = {
			isa = PBXGroup;
			children = (
				FA3AE5FE277098BB003543FD /* LoginRouter */,
				FA3AE5FD277098AE003543FD /* LoginInteractor */,
				FA3AE5FC277098A5003543FD /* LoginPresenter */,
				FA3AE5FB2770989C003543FD /* LoginView */,
				FA3AE5FA27709884003543FD /* LoginAssembly */,
			);
			path = LoginScreen;
			sourceTree = "<group>";
		};
		FA3AE5FA27709884003543FD /* LoginAssembly */ = {
			isa = PBXGroup;
			children = (
				FA3AE60D277099DD003543FD /* LoginAssembly.swift */,
			);
			path = LoginAssembly;
			sourceTree = "<group>";
		};
		FA3AE5FB2770989C003543FD /* LoginView */ = {
			isa = PBXGroup;
			children = (
				FA3AE5FF277098E6003543FD /* LoginViewController.swift */,
				FA3AE60127709926003543FD /* LoginViewInput.swift */,
			);
			path = LoginView;
			sourceTree = "<group>";
		};
		FA3AE5FC277098A5003543FD /* LoginPresenter */ = {
			isa = PBXGroup;
			children = (
				FA3AE60327709950003543FD /* LoginPresenter.swift */,
				FA3AE60527709965003543FD /* LoginPresenterProtocol.swift */,
			);
			path = LoginPresenter;
			sourceTree = "<group>";
		};
		FA3AE5FD277098AE003543FD /* LoginInteractor */ = {
			isa = PBXGroup;
			children = (
				FA3AE60727709993003543FD /* LoginInteractorInput.swift */,
				FA3AE609277099AC003543FD /* LoginInteractor.swift */,
			);
			path = LoginInteractor;
			sourceTree = "<group>";
		};
		FA3AE5FE277098BB003543FD /* LoginRouter */ = {
			isa = PBXGroup;
			children = (
				FA3AE60B277099C6003543FD /* LoginRouter.swift */,
			);
			path = LoginRouter;
			sourceTree = "<group>";
		};
		FA3AE60F2770BE6E003543FD /* RegisterScreen */ = {
			isa = PBXGroup;
			children = (
				FA3AE6142770BE9B003543FD /* RegisterAssembly */,
				FA3AE6132770BE93003543FD /* RegisterRouter */,
				FA3AE6122770BE8A003543FD /* RegisterInteractor */,
				FA3AE6112770BE82003543FD /* RegisterPresenter */,
				FA3AE6102770BE7C003543FD /* RegisterView */,
			);
			path = RegisterScreen;
			sourceTree = "<group>";
		};
		FA3AE6102770BE7C003543FD /* RegisterView */ = {
			isa = PBXGroup;
			children = (
				FA3AE6152770BEDF003543FD /* RegisterViewController.swift */,
				FA3AE6172770BEF5003543FD /* RegisterViewInput.swift */,
			);
			path = RegisterView;
			sourceTree = "<group>";
		};
		FA3AE6112770BE82003543FD /* RegisterPresenter */ = {
			isa = PBXGroup;
			children = (
				FA3AE6192770BF1D003543FD /* RegisterPresenterProtocol.swift */,
				FA3AE61B2770BF33003543FD /* RegisterPresenter.swift */,
			);
			path = RegisterPresenter;
			sourceTree = "<group>";
		};
		FA3AE6122770BE8A003543FD /* RegisterInteractor */ = {
			isa = PBXGroup;
			children = (
				FA3AE61D2770BF5B003543FD /* RegisterInteractorInput.swift */,
				FA3AE61F2770BF76003543FD /* RegisterInteractor.swift */,
			);
			path = RegisterInteractor;
			sourceTree = "<group>";
		};
		FA3AE6132770BE93003543FD /* RegisterRouter */ = {
			isa = PBXGroup;
			children = (
				FA3AE6212770BF8D003543FD /* RegisterRouter.swift */,
			);
			path = RegisterRouter;
			sourceTree = "<group>";
		};
		FA3AE6142770BE9B003543FD /* RegisterAssembly */ = {
			isa = PBXGroup;
			children = (
				FA3AE6232770BFA4003543FD /* RegisterAssembly.swift */,
			);
			path = RegisterAssembly;
			sourceTree = "<group>";
		};
		FA3AE6252770CE48003543FD /* Services */ = {
			isa = PBXGroup;
			children = (
				FA3AE6262770CE57003543FD /* ServiceLocator.swift */,
				FA3AE6282770CFB6003543FD /* AuthorizationService.swift */,
				FAD6E4D62771B37E0029F418 /* SecureStorageService.swift */,
				FA62164D2775B00C00144DCE /* FirebaseService.swift */,
				FA62164F2775B2F600144DCE /* DictionaryHelpper.swift */,
			);
			path = Services;
			sourceTree = "<group>";
		};
		FA3AE62A2770D27F003543FD /* Base */ = {
			isa = PBXGroup;
			children = (
				FAD6E4E22771B9DA0029F418 /* Extensions */,
				FAD6E4DD2771B8B20029F418 /* Views */,
				FA3AE62B2770D289003543FD /* NetworkError.swift */,
				FAD6E4DB2771B5370029F418 /* BaseViewController.swift */,
			);
			path = Base;
			sourceTree = "<group>";
		};
		FA62164A2775AD8F00144DCE /* ApiModels */ = {
			isa = PBXGroup;
			children = (
				FA62164B2775AD9E00144DCE /* PlaceModel.swift */,
			);
			path = ApiModels;
			sourceTree = "<group>";
		};
		FA6216542775D0FA00144DCE /* CollectionViewCells */ = {
			isa = PBXGroup;
			children = (
				FA62165D2776011600144DCE /* DetailPlaceCollectionViewCell.swift */,
				FAF4682D2779EC27006044FB /* TestCollectionViewCell.swift */,
				FAF4682E2779EC27006044FB /* TestCollectionViewCell.xib */,
			);
			path = CollectionViewCells;
			sourceTree = "<group>";
		};
		FAA5C1DC277308FD007ED365 /* HomeScreen */ = {
			isa = PBXGroup;
			children = (
				FAA5C1E127730926007ED365 /* HomeAssembly */,
				FAA5C1E027730920007ED365 /* HomeRouter */,
				FAA5C1DF27730916007ED365 /* HomeInteractor */,
				FAA5C1DE2773090C007ED365 /* HomePresenter */,
				FAA5C1DD27730905007ED365 /* HomeView */,
			);
			path = HomeScreen;
			sourceTree = "<group>";
		};
		FAA5C1DD27730905007ED365 /* HomeView */ = {
			isa = PBXGroup;
			children = (
				FAEB4C262774AB0500ABC8FD /* TableView */,
				FAA5C1E22773093A007ED365 /* HomeViewController.swift */,
				FAA5C1E427730953007ED365 /* HomeViewInput.swift */,
			);
			path = HomeView;
			sourceTree = "<group>";
		};
		FAA5C1DE2773090C007ED365 /* HomePresenter */ = {
			isa = PBXGroup;
			children = (
				FAA5C1E727730980007ED365 /* HomePresenterProtocol.swift */,
				FAA5C1E92773099E007ED365 /* HomePresenter.swift */,
			);
			path = HomePresenter;
			sourceTree = "<group>";
		};
		FAA5C1DF27730916007ED365 /* HomeInteractor */ = {
			isa = PBXGroup;
			children = (
				FAA5C1EB277309BD007ED365 /* HomeInteractorInput.swift */,
				FAA5C1ED277309D5007ED365 /* HomeInteractor.swift */,
			);
			path = HomeInteractor;
			sourceTree = "<group>";
		};
		FAA5C1E027730920007ED365 /* HomeRouter */ = {
			isa = PBXGroup;
			children = (
				FAA5C1EF277309ED007ED365 /* HomeRouter.swift */,
			);
			path = HomeRouter;
			sourceTree = "<group>";
		};
		FAA5C1E127730926007ED365 /* HomeAssembly */ = {
			isa = PBXGroup;
			children = (
				FAA5C1F127730A46007ED365 /* HomeAssembly.swift */,
			);
			path = HomeAssembly;
			sourceTree = "<group>";
		};
		FAA5C1FA27733BC6007ED365 /* Frameworks */ = {
			isa = PBXGroup;
			children = (
			);
			name = Frameworks;
			sourceTree = "<group>";
		};
		FAA5C1FD27735013007ED365 /* OnboardingScreen */ = {
			isa = PBXGroup;
			children = (
				FAA5C21D277365D6007ED365 /* ViewModels */,
				FAA5C2022773504C007ED365 /* OnboardingAssembly */,
				FAA5C20127735041007ED365 /* OnboardingRouter */,
				FAA5C20027735033007ED365 /* OnboardingInteractor */,
				FAA5C1FF27735027007ED365 /* OnboardingPresenter */,
				FAA5C1FE2773501D007ED365 /* OnboardingView */,
			);
			path = OnboardingScreen;
			sourceTree = "<group>";
		};
		FAA5C1FE2773501D007ED365 /* OnboardingView */ = {
			isa = PBXGroup;
			children = (
				FAA5C2032773505F007ED365 /* OnboardingViewController.swift */,
				FAA5C20527735077007ED365 /* OnboardingViewInput.swift */,
				FAA5C21B2773610B007ED365 /* OnboardingCollectionViewCell.swift */,
			);
			path = OnboardingView;
			sourceTree = "<group>";
		};
		FAA5C1FF27735027007ED365 /* OnboardingPresenter */ = {
			isa = PBXGroup;
			children = (
				FAA5C207277350A1007ED365 /* OnboardingPresenterProtocol.swift */,
				FAA5C209277350B3007ED365 /* OnboardingPresenter.swift */,
			);
			path = OnboardingPresenter;
			sourceTree = "<group>";
		};
		FAA5C20027735033007ED365 /* OnboardingInteractor */ = {
			isa = PBXGroup;
			children = (
				FAA5C20B277350D6007ED365 /* OnboardingInteractorInput.swift */,
				FAA5C20D277350E9007ED365 /* OnboardingInteractor.swift */,
			);
			path = OnboardingInteractor;
			sourceTree = "<group>";
		};
		FAA5C20127735041007ED365 /* OnboardingRouter */ = {
			isa = PBXGroup;
			children = (
				FAA5C20F27735108007ED365 /* OnboardingRouter.swift */,
			);
			path = OnboardingRouter;
			sourceTree = "<group>";
		};
		FAA5C2022773504C007ED365 /* OnboardingAssembly */ = {
			isa = PBXGroup;
			children = (
				FAA5C21127735155007ED365 /* OnboardingAssembly.swift */,
			);
			path = OnboardingAssembly;
			sourceTree = "<group>";
		};
		FAA5C21D277365D6007ED365 /* ViewModels */ = {
			isa = PBXGroup;
			children = (
				FAA5C21E277365F5007ED365 /* OnboardingCellViewModel.swift */,
			);
			path = ViewModels;
			sourceTree = "<group>";
		};
		FAB1712E277093AA004ACB90 = {
			isa = PBXGroup;
			children = (
				FAB17139277093AA004ACB90 /* DeliveryApp */,
				FAB17138277093AA004ACB90 /* Products */,
				FAA5C1FA27733BC6007ED365 /* Frameworks */,
			);
			sourceTree = "<group>";
		};
		FAB17138277093AA004ACB90 /* Products */ = {
			isa = PBXGroup;
			children = (
				FAB17137277093AA004ACB90 /* DeliveryApp.app */,
			);
			name = Products;
			sourceTree = "<group>";
		};
		FAB17139277093AA004ACB90 /* DeliveryApp */ = {
			isa = PBXGroup;
			children = (
				FA62164A2775AD8F00144DCE /* ApiModels */,
				FA3AE62A2770D27F003543FD /* Base */,
				FA3AE6252770CE48003543FD /* Services */,
				FA3AE5F827709816003543FD /* Storyboards */,
				FA3AE5F72770980E003543FD /* Modules */,
				FA3AE5F6277097FA003543FD /* Delegates */,
				FA3AE5F52770967B003543FD /* Source */,
				FAB171682770952C004ACB90 /* GoogleService-Info.plist */,
			);
			path = DeliveryApp;
			sourceTree = "<group>";
		};
		FAD6E4DD2771B8B20029F418 /* Views */ = {
			isa = PBXGroup;
			children = (
				FAD6E4DE2771B9530029F418 /* CustomTextField.swift */,
				FAD6E4E02771B9670029F418 /* CustomTextField.xib */,
				FAA5C217277356D5007ED365 /* CustomPageControl.swift */,
				FA4D169F277AFB76002C6AB0 /* CustomSearchBar.swift */,
				FA4D16A1277AFB88002C6AB0 /* CustomSearchBar.xib */,
			);
			path = Views;
			sourceTree = "<group>";
		};
		FAD6E4E22771B9DA0029F418 /* Extensions */ = {
			isa = PBXGroup;
			children = (
				FAD6E4E32771B9EC0029F418 /* UIViewExtension.swift */,
			);
			path = Extensions;
			sourceTree = "<group>";
		};
		FAEB4C262774AB0500ABC8FD /* TableView */ = {
			isa = PBXGroup;
			children = (
				FA6216542775D0FA00144DCE /* CollectionViewCells */,
				FAEB4C282774AB2100ABC8FD /* Models */,
				FAEB4C272774AB0F00ABC8FD /* Cells */,
			);
			path = TableView;
			sourceTree = "<group>";
		};
		FAEB4C272774AB0F00ABC8FD /* Cells */ = {
			isa = PBXGroup;
			children = (
				FAEB4C222774A09800ABC8FD /* FirstPlaceTableViewCell.swift */,
				FA62165B277600A400144DCE /* FeaturedPlacesTableViewCell.swift */,
				FAF467F82779B44F006044FB /* InfoTableViewCell.swift */,
				FAF4680D2779D3FE006044FB /* TitleTableViewCell.swift */,
				FAF468272779E994006044FB /* TestTableViewCell.swift */,
				FAF468282779E994006044FB /* TestTableViewCell.xib */,
			);
			path = Cells;
			sourceTree = "<group>";
		};
		FAEB4C282774AB2100ABC8FD /* Models */ = {
			isa = PBXGroup;
			children = (
				FA6216572775D18000144DCE /* CellProtocols.swift */,
				FA6216592775D31800144DCE /* FirstPlaceTableCellModel.swift */,
				FA62165F2776087C00144DCE /* FeturedTableCellModel.swift */,
				FAF467FA2779B4AE006044FB /* InfoCellModel.swift */,
				FAF468022779BD20006044FB /* RestaurantCellModel.swift */,
				FAF4680F2779D41C006044FB /* TitleCellModel.swift */,
			);
			path = Models;
			sourceTree = "<group>";
		};
		FAF468112779E2DA006044FB /* SearchScreen */ = {
			isa = PBXGroup;
			children = (
				FAF468162779E300006044FB /* SearchAssembly */,
				FAF468152779E2F9006044FB /* SearchRouter */,
				FAF468142779E2EF006044FB /* SearchInteractor */,
				FAF468132779E2E8006044FB /* SearchPresenter */,
				FAF468122779E2E2006044FB /* SearchView */,
			);
			path = SearchScreen;
			sourceTree = "<group>";
		};
		FAF468122779E2E2006044FB /* SearchView */ = {
			isa = PBXGroup;
			children = (
				FAF468172779E315006044FB /* SearchViewInput.swift */,
				FAF468192779E324006044FB /* SearchViewController.swift */,
			);
			path = SearchView;
			sourceTree = "<group>";
		};
		FAF468132779E2E8006044FB /* SearchPresenter */ = {
			isa = PBXGroup;
			children = (
				FAF4681B2779E330006044FB /* SearchPresenterProtocol.swift */,
				FAF4681D2779E33A006044FB /* SearchPresenter.swift */,
			);
			path = SearchPresenter;
			sourceTree = "<group>";
		};
		FAF468142779E2EF006044FB /* SearchInteractor */ = {
			isa = PBXGroup;
			children = (
				FAF4681F2779E345006044FB /* SearchInteractorInput.swift */,
				FAF468212779E350006044FB /* SearchInteractor.swift */,
			);
			path = SearchInteractor;
			sourceTree = "<group>";
		};
		FAF468152779E2F9006044FB /* SearchRouter */ = {
			isa = PBXGroup;
			children = (
				FAF468232779E359006044FB /* SearchRouter.swift */,
			);
			path = SearchRouter;
			sourceTree = "<group>";
		};
		FAF468162779E300006044FB /* SearchAssembly */ = {
			isa = PBXGroup;
			children = (
				FAF468252779E363006044FB /* SearchAssembly.swift */,
			);
			path = SearchAssembly;
			sourceTree = "<group>";
		};
/* End PBXGroup section */

/* Begin PBXNativeTarget section */
		FAB17136277093AA004ACB90 /* DeliveryApp */ = {
			isa = PBXNativeTarget;
			buildConfigurationList = FAB1714B277093AB004ACB90 /* Build configuration list for PBXNativeTarget "DeliveryApp" */;
			buildPhases = (
				FAB17133277093AA004ACB90 /* Sources */,
				FAB17134277093AA004ACB90 /* Frameworks */,
				FAB17135277093AA004ACB90 /* Resources */,
			);
			buildRules = (
			);
			dependencies = (
			);
			name = DeliveryApp;
			packageProductDependencies = (
				FAB17151277093E7004ACB90 /* RxCocoa */,
				FAB17155277093E7004ACB90 /* RxSwift */,
				FAB1715D27709432004ACB90 /* Alamofire */,
				FAB1716027709493004ACB90 /* FirebaseAuth */,
				FAB1716227709493004ACB90 /* FirebaseCrashlytics */,
				FAB1716427709493004ACB90 /* FirebaseFirestore */,
				FAB1716627709493004ACB90 /* FirebaseStorage */,
				FAA5C1F427731A66007ED365 /* GoogleSignIn */,
				FAA5C1F827732C92007ED365 /* FacebookLogin */,
				FAA5C1FB27733BC6007ED365 /* FacebookCore */,
				FA6216522775C5FB00144DCE /* Kingfisher */,
			);
			productName = DeliveryApp;
			productReference = FAB17137277093AA004ACB90 /* DeliveryApp.app */;
			productType = "com.apple.product-type.application";
		};
/* End PBXNativeTarget section */

/* Begin PBXProject section */
		FAB1712F277093AA004ACB90 /* Project object */ = {
			isa = PBXProject;
			attributes = {
				BuildIndependentTargetsInParallel = 1;
				LastSwiftUpdateCheck = 1320;
				LastUpgradeCheck = 1320;
				TargetAttributes = {
					FAB17136277093AA004ACB90 = {
						CreatedOnToolsVersion = 13.2;
					};
				};
			};
			buildConfigurationList = FAB17132277093AA004ACB90 /* Build configuration list for PBXProject "DeliveryApp" */;
			compatibilityVersion = "Xcode 13.0";
			developmentRegion = en;
			hasScannedForEncodings = 0;
			knownRegions = (
				en,
				Base,
			);
			mainGroup = FAB1712E277093AA004ACB90;
			packageReferences = (
				FAB1714E277093E7004ACB90 /* XCRemoteSwiftPackageReference "RxSwift" */,
				FAB1715C27709432004ACB90 /* XCRemoteSwiftPackageReference "Alamofire" */,
				FAB1715F27709493004ACB90 /* XCRemoteSwiftPackageReference "firebase-ios-sdk" */,
				FAA5C1F327731A66007ED365 /* XCRemoteSwiftPackageReference "GoogleSignIn-iOS" */,
				FAA5C1F727732C91007ED365 /* XCRemoteSwiftPackageReference "facebook-ios-sdk" */,
				FA6216512775C5FB00144DCE /* XCRemoteSwiftPackageReference "Kingfisher" */,
			);
			productRefGroup = FAB17138277093AA004ACB90 /* Products */;
			projectDirPath = "";
			projectRoot = "";
			targets = (
				FAB17136277093AA004ACB90 /* DeliveryApp */,
			);
		};
/* End PBXProject section */

/* Begin PBXResourcesBuildPhase section */
		FAB17135277093AA004ACB90 /* Resources */ = {
			isa = PBXResourcesBuildPhase;
			buildActionMask = 2147483647;
			files = (
				FAF468302779EC27006044FB /* TestCollectionViewCell.xib in Resources */,
				FAD6E4E12771B9670029F418 /* CustomTextField.xib in Resources */,
				FA4D16A2277AFB88002C6AB0 /* CustomSearchBar.xib in Resources */,
				FAB17147277093AB004ACB90 /* LaunchScreen.storyboard in Resources */,
				FAB171692770952C004ACB90 /* GoogleService-Info.plist in Resources */,
				FAF4682A2779E994006044FB /* TestTableViewCell.xib in Resources */,
				FAB17144277093AB004ACB90 /* Assets.xcassets in Resources */,
				FAB17142277093AA004ACB90 /* Main.storyboard in Resources */,
			);
			runOnlyForDeploymentPostprocessing = 0;
		};
/* End PBXResourcesBuildPhase section */

/* Begin PBXSourcesBuildPhase section */
		FAB17133277093AA004ACB90 /* Sources */ = {
			isa = PBXSourcesBuildPhase;
			buildActionMask = 2147483647;
			files = (
				FAA5C20C277350D6007ED365 /* OnboardingInteractorInput.swift in Sources */,
				FA62165E2776011600144DCE /* DetailPlaceCollectionViewCell.swift in Sources */,
				FA4D16A0277AFB76002C6AB0 /* CustomSearchBar.swift in Sources */,
				FA3AE60627709965003543FD /* LoginPresenterProtocol.swift in Sources */,
				FAA5C1E827730980007ED365 /* HomePresenterProtocol.swift in Sources */,
				FA3AE6162770BEDF003543FD /* RegisterViewController.swift in Sources */,
				FA62164E2775B00C00144DCE /* FirebaseService.swift in Sources */,
				FAA5C2042773505F007ED365 /* OnboardingViewController.swift in Sources */,
				FAA5C21027735108007ED365 /* OnboardingRouter.swift in Sources */,
				FAA5C1F227730A46007ED365 /* HomeAssembly.swift in Sources */,
				FAA5C1E527730953007ED365 /* HomeViewInput.swift in Sources */,
				FAF4682F2779EC27006044FB /* TestCollectionViewCell.swift in Sources */,
				FAA5C1EA2773099E007ED365 /* HomePresenter.swift in Sources */,
				FA3AE61E2770BF5B003543FD /* RegisterInteractorInput.swift in Sources */,
				FAF468032779BD20006044FB /* RestaurantCellModel.swift in Sources */,
				FAA5C1EC277309BD007ED365 /* HomeInteractorInput.swift in Sources */,
				FAF468102779D41C006044FB /* TitleCellModel.swift in Sources */,
				FAA5C21F277365F5007ED365 /* OnboardingCellViewModel.swift in Sources */,
				FAA5C218277356D5007ED365 /* CustomPageControl.swift in Sources */,
				FAA5C20A277350B3007ED365 /* OnboardingPresenter.swift in Sources */,
				FAF468222779E350006044FB /* SearchInteractor.swift in Sources */,
				FAD6E4DC2771B5370029F418 /* BaseViewController.swift in Sources */,
				FAF468292779E994006044FB /* TestTableViewCell.swift in Sources */,
				FA3AE6202770BF76003543FD /* RegisterInteractor.swift in Sources */,
				FAF4681C2779E330006044FB /* SearchPresenterProtocol.swift in Sources */,
				FAA5C208277350A1007ED365 /* OnboardingPresenterProtocol.swift in Sources */,
				FA62164C2775AD9E00144DCE /* PlaceModel.swift in Sources */,
				FA3AE60E277099DD003543FD /* LoginAssembly.swift in Sources */,
				FAA5C1EE277309D5007ED365 /* HomeInteractor.swift in Sources */,
				FAF4680E2779D3FE006044FB /* TitleTableViewCell.swift in Sources */,
				FA3AE600277098E6003543FD /* LoginViewController.swift in Sources */,
				FA62165A2775D31800144DCE /* FirstPlaceTableCellModel.swift in Sources */,
				FAB1713B277093AA004ACB90 /* AppDelegate.swift in Sources */,
				FA3AE61A2770BF1D003543FD /* RegisterPresenterProtocol.swift in Sources */,
				FAA5C20627735077007ED365 /* OnboardingViewInput.swift in Sources */,
				FAF467FB2779B4AE006044FB /* InfoCellModel.swift in Sources */,
				FAD6E4D72771B37E0029F418 /* SecureStorageService.swift in Sources */,
				FAB1713D277093AA004ACB90 /* SceneDelegate.swift in Sources */,
				FAA5C1E32773093A007ED365 /* HomeViewController.swift in Sources */,
				FA3AE6182770BEF5003543FD /* RegisterViewInput.swift in Sources */,
				FA3AE60A277099AC003543FD /* LoginInteractor.swift in Sources */,
				FA3AE6292770CFB6003543FD /* AuthorizationService.swift in Sources */,
				FA3AE61C2770BF33003543FD /* RegisterPresenter.swift in Sources */,
				FAF4681A2779E324006044FB /* SearchViewController.swift in Sources */,
				FA62165C277600A400144DCE /* FeaturedPlacesTableViewCell.swift in Sources */,
				FAEB4C232774A09800ABC8FD /* FirstPlaceTableViewCell.swift in Sources */,
				FAA5C1F0277309ED007ED365 /* HomeRouter.swift in Sources */,
				FA3AE60C277099C6003543FD /* LoginRouter.swift in Sources */,
				FA3AE60227709926003543FD /* LoginViewInput.swift in Sources */,
				FA3AE62C2770D289003543FD /* NetworkError.swift in Sources */,
				FA3AE6222770BF8D003543FD /* RegisterRouter.swift in Sources */,
				FAF468242779E359006044FB /* SearchRouter.swift in Sources */,
				FAF468262779E363006044FB /* SearchAssembly.swift in Sources */,
				FAF467F92779B44F006044FB /* InfoTableViewCell.swift in Sources */,
				FA3AE6272770CE57003543FD /* ServiceLocator.swift in Sources */,
				FAD6E4E42771B9EC0029F418 /* UIViewExtension.swift in Sources */,
				FAF468202779E345006044FB /* SearchInteractorInput.swift in Sources */,
				FA6216602776087C00144DCE /* FeturedTableCellModel.swift in Sources */,
				FA6216502775B2F600144DCE /* DictionaryHelpper.swift in Sources */,
				FAD6E4DF2771B9530029F418 /* CustomTextField.swift in Sources */,
				FA6216582775D18000144DCE /* CellProtocols.swift in Sources */,
				FAA5C21C2773610B007ED365 /* OnboardingCollectionViewCell.swift in Sources */,
				FAA5C21227735155007ED365 /* OnboardingAssembly.swift in Sources */,
				FA3AE60827709993003543FD /* LoginInteractorInput.swift in Sources */,
				FA3AE6242770BFA4003543FD /* RegisterAssembly.swift in Sources */,
				FAF468182779E315006044FB /* SearchViewInput.swift in Sources */,
				FA3AE60427709950003543FD /* LoginPresenter.swift in Sources */,
				FAF4681E2779E33A006044FB /* SearchPresenter.swift in Sources */,
				FAA5C20E277350E9007ED365 /* OnboardingInteractor.swift in Sources */,
			);
			runOnlyForDeploymentPostprocessing = 0;
		};
/* End PBXSourcesBuildPhase section */

/* Begin PBXVariantGroup section */
		FAB17140277093AA004ACB90 /* Main.storyboard */ = {
			isa = PBXVariantGroup;
			children = (
				FAB17141277093AA004ACB90 /* Base */,
			);
			name = Main.storyboard;
			sourceTree = "<group>";
		};
		FAB17145277093AB004ACB90 /* LaunchScreen.storyboard */ = {
			isa = PBXVariantGroup;
			children = (
				FAB17146277093AB004ACB90 /* Base */,
			);
			name = LaunchScreen.storyboard;
			sourceTree = "<group>";
		};
/* End PBXVariantGroup section */

/* Begin XCBuildConfiguration section */
		FAB17149277093AB004ACB90 /* Debug */ = {
			isa = XCBuildConfiguration;
			buildSettings = {
				ALWAYS_SEARCH_USER_PATHS = NO;
				CLANG_ANALYZER_NONNULL = YES;
				CLANG_ANALYZER_NUMBER_OBJECT_CONVERSION = YES_AGGRESSIVE;
				CLANG_CXX_LANGUAGE_STANDARD = "gnu++17";
				CLANG_CXX_LIBRARY = "libc++";
				CLANG_ENABLE_MODULES = YES;
				CLANG_ENABLE_OBJC_ARC = YES;
				CLANG_ENABLE_OBJC_WEAK = YES;
				CLANG_WARN_BLOCK_CAPTURE_AUTORELEASING = YES;
				CLANG_WARN_BOOL_CONVERSION = YES;
				CLANG_WARN_COMMA = YES;
				CLANG_WARN_CONSTANT_CONVERSION = YES;
				CLANG_WARN_DEPRECATED_OBJC_IMPLEMENTATIONS = YES;
				CLANG_WARN_DIRECT_OBJC_ISA_USAGE = YES_ERROR;
				CLANG_WARN_DOCUMENTATION_COMMENTS = YES;
				CLANG_WARN_EMPTY_BODY = YES;
				CLANG_WARN_ENUM_CONVERSION = YES;
				CLANG_WARN_INFINITE_RECURSION = YES;
				CLANG_WARN_INT_CONVERSION = YES;
				CLANG_WARN_NON_LITERAL_NULL_CONVERSION = YES;
				CLANG_WARN_OBJC_IMPLICIT_RETAIN_SELF = YES;
				CLANG_WARN_OBJC_LITERAL_CONVERSION = YES;
				CLANG_WARN_OBJC_ROOT_CLASS = YES_ERROR;
				CLANG_WARN_QUOTED_INCLUDE_IN_FRAMEWORK_HEADER = YES;
				CLANG_WARN_RANGE_LOOP_ANALYSIS = YES;
				CLANG_WARN_STRICT_PROTOTYPES = YES;
				CLANG_WARN_SUSPICIOUS_MOVE = YES;
				CLANG_WARN_UNGUARDED_AVAILABILITY = YES_AGGRESSIVE;
				CLANG_WARN_UNREACHABLE_CODE = YES;
				CLANG_WARN__DUPLICATE_METHOD_MATCH = YES;
				COPY_PHASE_STRIP = NO;
				DEBUG_INFORMATION_FORMAT = dwarf;
				ENABLE_STRICT_OBJC_MSGSEND = YES;
				ENABLE_TESTABILITY = YES;
				GCC_C_LANGUAGE_STANDARD = gnu11;
				GCC_DYNAMIC_NO_PIC = NO;
				GCC_NO_COMMON_BLOCKS = YES;
				GCC_OPTIMIZATION_LEVEL = 0;
				GCC_PREPROCESSOR_DEFINITIONS = (
					"DEBUG=1",
					"$(inherited)",
				);
				GCC_WARN_64_TO_32_BIT_CONVERSION = YES;
				GCC_WARN_ABOUT_RETURN_TYPE = YES_ERROR;
				GCC_WARN_UNDECLARED_SELECTOR = YES;
				GCC_WARN_UNINITIALIZED_AUTOS = YES_AGGRESSIVE;
				GCC_WARN_UNUSED_FUNCTION = YES;
				GCC_WARN_UNUSED_VARIABLE = YES;
				IPHONEOS_DEPLOYMENT_TARGET = 13.0;
				MTL_ENABLE_DEBUG_INFO = INCLUDE_SOURCE;
				MTL_FAST_MATH = YES;
				ONLY_ACTIVE_ARCH = YES;
				SDKROOT = iphoneos;
				SWIFT_ACTIVE_COMPILATION_CONDITIONS = DEBUG;
				SWIFT_OPTIMIZATION_LEVEL = "-Onone";
			};
			name = Debug;
		};
		FAB1714A277093AB004ACB90 /* Release */ = {
			isa = XCBuildConfiguration;
			buildSettings = {
				ALWAYS_SEARCH_USER_PATHS = NO;
				CLANG_ANALYZER_NONNULL = YES;
				CLANG_ANALYZER_NUMBER_OBJECT_CONVERSION = YES_AGGRESSIVE;
				CLANG_CXX_LANGUAGE_STANDARD = "gnu++17";
				CLANG_CXX_LIBRARY = "libc++";
				CLANG_ENABLE_MODULES = YES;
				CLANG_ENABLE_OBJC_ARC = YES;
				CLANG_ENABLE_OBJC_WEAK = YES;
				CLANG_WARN_BLOCK_CAPTURE_AUTORELEASING = YES;
				CLANG_WARN_BOOL_CONVERSION = YES;
				CLANG_WARN_COMMA = YES;
				CLANG_WARN_CONSTANT_CONVERSION = YES;
				CLANG_WARN_DEPRECATED_OBJC_IMPLEMENTATIONS = YES;
				CLANG_WARN_DIRECT_OBJC_ISA_USAGE = YES_ERROR;
				CLANG_WARN_DOCUMENTATION_COMMENTS = YES;
				CLANG_WARN_EMPTY_BODY = YES;
				CLANG_WARN_ENUM_CONVERSION = YES;
				CLANG_WARN_INFINITE_RECURSION = YES;
				CLANG_WARN_INT_CONVERSION = YES;
				CLANG_WARN_NON_LITERAL_NULL_CONVERSION = YES;
				CLANG_WARN_OBJC_IMPLICIT_RETAIN_SELF = YES;
				CLANG_WARN_OBJC_LITERAL_CONVERSION = YES;
				CLANG_WARN_OBJC_ROOT_CLASS = YES_ERROR;
				CLANG_WARN_QUOTED_INCLUDE_IN_FRAMEWORK_HEADER = YES;
				CLANG_WARN_RANGE_LOOP_ANALYSIS = YES;
				CLANG_WARN_STRICT_PROTOTYPES = YES;
				CLANG_WARN_SUSPICIOUS_MOVE = YES;
				CLANG_WARN_UNGUARDED_AVAILABILITY = YES_AGGRESSIVE;
				CLANG_WARN_UNREACHABLE_CODE = YES;
				CLANG_WARN__DUPLICATE_METHOD_MATCH = YES;
				COPY_PHASE_STRIP = NO;
				DEBUG_INFORMATION_FORMAT = "dwarf-with-dsym";
				ENABLE_NS_ASSERTIONS = NO;
				ENABLE_STRICT_OBJC_MSGSEND = YES;
				GCC_C_LANGUAGE_STANDARD = gnu11;
				GCC_NO_COMMON_BLOCKS = YES;
				GCC_WARN_64_TO_32_BIT_CONVERSION = YES;
				GCC_WARN_ABOUT_RETURN_TYPE = YES_ERROR;
				GCC_WARN_UNDECLARED_SELECTOR = YES;
				GCC_WARN_UNINITIALIZED_AUTOS = YES_AGGRESSIVE;
				GCC_WARN_UNUSED_FUNCTION = YES;
				GCC_WARN_UNUSED_VARIABLE = YES;
				IPHONEOS_DEPLOYMENT_TARGET = 13.0;
				MTL_ENABLE_DEBUG_INFO = NO;
				MTL_FAST_MATH = YES;
				SDKROOT = iphoneos;
				SWIFT_COMPILATION_MODE = wholemodule;
				SWIFT_OPTIMIZATION_LEVEL = "-O";
				VALIDATE_PRODUCT = YES;
			};
			name = Release;
		};
		FAB1714C277093AB004ACB90 /* Debug */ = {
			isa = XCBuildConfiguration;
			buildSettings = {
				ASSETCATALOG_COMPILER_APPICON_NAME = AppIcon;
				ASSETCATALOG_COMPILER_GLOBAL_ACCENT_COLOR_NAME = AccentColor;
				CODE_SIGN_STYLE = Automatic;
				CURRENT_PROJECT_VERSION = 1;
				DEVELOPMENT_TEAM = 5ACJXA9F63;
				GENERATE_INFOPLIST_FILE = YES;
				INFOPLIST_FILE = DeliveryApp/Source/Info.plist;
				INFOPLIST_KEY_UIApplicationSupportsIndirectInputEvents = YES;
				INFOPLIST_KEY_UILaunchStoryboardName = LaunchScreen;
				INFOPLIST_KEY_UISupportedInterfaceOrientations = UIInterfaceOrientationPortrait;
				INFOPLIST_KEY_UISupportedInterfaceOrientations_iPad = "UIInterfaceOrientationPortrait UIInterfaceOrientationPortraitUpsideDown UIInterfaceOrientationLandscapeLeft UIInterfaceOrientationLandscapeRight";
				INFOPLIST_KEY_UISupportedInterfaceOrientations_iPhone = "UIInterfaceOrientationPortrait UIInterfaceOrientationLandscapeLeft UIInterfaceOrientationLandscapeRight";
				IPHONEOS_DEPLOYMENT_TARGET = 13.0;
				LD_RUNPATH_SEARCH_PATHS = (
					"$(inherited)",
					"@executable_path/Frameworks",
				);
				MARKETING_VERSION = 1.0;
				PRODUCT_BUNDLE_IDENTIFIER = Mikita.Glavinski.DeliveryApp;
				PRODUCT_NAME = "$(TARGET_NAME)";
				SWIFT_EMIT_LOC_STRINGS = YES;
				SWIFT_VERSION = 5.0;
				TARGETED_DEVICE_FAMILY = 1;
			};
			name = Debug;
		};
		FAB1714D277093AB004ACB90 /* Release */ = {
			isa = XCBuildConfiguration;
			buildSettings = {
				ASSETCATALOG_COMPILER_APPICON_NAME = AppIcon;
				ASSETCATALOG_COMPILER_GLOBAL_ACCENT_COLOR_NAME = AccentColor;
				CODE_SIGN_STYLE = Automatic;
				CURRENT_PROJECT_VERSION = 1;
				DEVELOPMENT_TEAM = 5ACJXA9F63;
				GENERATE_INFOPLIST_FILE = YES;
				INFOPLIST_FILE = DeliveryApp/Source/Info.plist;
				INFOPLIST_KEY_UIApplicationSupportsIndirectInputEvents = YES;
				INFOPLIST_KEY_UILaunchStoryboardName = LaunchScreen;
				INFOPLIST_KEY_UISupportedInterfaceOrientations = UIInterfaceOrientationPortrait;
				INFOPLIST_KEY_UISupportedInterfaceOrientations_iPad = "UIInterfaceOrientationPortrait UIInterfaceOrientationPortraitUpsideDown UIInterfaceOrientationLandscapeLeft UIInterfaceOrientationLandscapeRight";
				INFOPLIST_KEY_UISupportedInterfaceOrientations_iPhone = "UIInterfaceOrientationPortrait UIInterfaceOrientationLandscapeLeft UIInterfaceOrientationLandscapeRight";
				IPHONEOS_DEPLOYMENT_TARGET = 13.0;
				LD_RUNPATH_SEARCH_PATHS = (
					"$(inherited)",
					"@executable_path/Frameworks",
				);
				MARKETING_VERSION = 1.0;
				PRODUCT_BUNDLE_IDENTIFIER = Mikita.Glavinski.DeliveryApp;
				PRODUCT_NAME = "$(TARGET_NAME)";
				SWIFT_EMIT_LOC_STRINGS = YES;
				SWIFT_VERSION = 5.0;
				TARGETED_DEVICE_FAMILY = 1;
			};
			name = Release;
		};
/* End XCBuildConfiguration section */

/* Begin XCConfigurationList section */
		FAB17132277093AA004ACB90 /* Build configuration list for PBXProject "DeliveryApp" */ = {
			isa = XCConfigurationList;
			buildConfigurations = (
				FAB17149277093AB004ACB90 /* Debug */,
				FAB1714A277093AB004ACB90 /* Release */,
			);
			defaultConfigurationIsVisible = 0;
			defaultConfigurationName = Release;
		};
		FAB1714B277093AB004ACB90 /* Build configuration list for PBXNativeTarget "DeliveryApp" */ = {
			isa = XCConfigurationList;
			buildConfigurations = (
				FAB1714C277093AB004ACB90 /* Debug */,
				FAB1714D277093AB004ACB90 /* Release */,
			);
			defaultConfigurationIsVisible = 0;
			defaultConfigurationName = Release;
		};
/* End XCConfigurationList section */

/* Begin XCRemoteSwiftPackageReference section */
		FA6216512775C5FB00144DCE /* XCRemoteSwiftPackageReference "Kingfisher" */ = {
			isa = XCRemoteSwiftPackageReference;
			repositoryURL = "https://github.com/onevcat/Kingfisher";
			requirement = {
				kind = upToNextMajorVersion;
				minimumVersion = 7.0.0;
			};
		};
		FAA5C1F327731A66007ED365 /* XCRemoteSwiftPackageReference "GoogleSignIn-iOS" */ = {
			isa = XCRemoteSwiftPackageReference;
			repositoryURL = "https://github.com/google/GoogleSignIn-iOS";
			requirement = {
				kind = upToNextMajorVersion;
				minimumVersion = 6.0.0;
			};
		};
		FAA5C1F727732C91007ED365 /* XCRemoteSwiftPackageReference "facebook-ios-sdk" */ = {
			isa = XCRemoteSwiftPackageReference;
			repositoryURL = "https://github.com/facebook/facebook-ios-sdk";
			requirement = {
				kind = upToNextMajorVersion;
				minimumVersion = 12.0.0;
			};
		};
		FAB1714E277093E7004ACB90 /* XCRemoteSwiftPackageReference "RxSwift" */ = {
			isa = XCRemoteSwiftPackageReference;
			repositoryURL = "https://github.com/ReactiveX/RxSwift";
			requirement = {
				kind = upToNextMajorVersion;
				minimumVersion = 6.0.0;
			};
		};
		FAB1715C27709432004ACB90 /* XCRemoteSwiftPackageReference "Alamofire" */ = {
			isa = XCRemoteSwiftPackageReference;
			repositoryURL = "https://github.com/Alamofire/Alamofire";
			requirement = {
				kind = upToNextMajorVersion;
				minimumVersion = 5.0.0;
			};
		};
		FAB1715F27709493004ACB90 /* XCRemoteSwiftPackageReference "firebase-ios-sdk" */ = {
			isa = XCRemoteSwiftPackageReference;
			repositoryURL = "https://github.com/firebase/firebase-ios-sdk";
			requirement = {
				kind = upToNextMajorVersion;
				minimumVersion = 8.0.0;
			};
		};
/* End XCRemoteSwiftPackageReference section */

/* Begin XCSwiftPackageProductDependency section */
		FA6216522775C5FB00144DCE /* Kingfisher */ = {
			isa = XCSwiftPackageProductDependency;
			package = FA6216512775C5FB00144DCE /* XCRemoteSwiftPackageReference "Kingfisher" */;
			productName = Kingfisher;
		};
		FAA5C1F427731A66007ED365 /* GoogleSignIn */ = {
			isa = XCSwiftPackageProductDependency;
			package = FAA5C1F327731A66007ED365 /* XCRemoteSwiftPackageReference "GoogleSignIn-iOS" */;
			productName = GoogleSignIn;
		};
		FAA5C1F827732C92007ED365 /* FacebookLogin */ = {
			isa = XCSwiftPackageProductDependency;
			package = FAA5C1F727732C91007ED365 /* XCRemoteSwiftPackageReference "facebook-ios-sdk" */;
			productName = FacebookLogin;
		};
		FAA5C1FB27733BC6007ED365 /* FacebookCore */ = {
			isa = XCSwiftPackageProductDependency;
			package = FAA5C1F727732C91007ED365 /* XCRemoteSwiftPackageReference "facebook-ios-sdk" */;
			productName = FacebookCore;
		};
		FAB17151277093E7004ACB90 /* RxCocoa */ = {
			isa = XCSwiftPackageProductDependency;
			package = FAB1714E277093E7004ACB90 /* XCRemoteSwiftPackageReference "RxSwift" */;
			productName = RxCocoa;
		};
		FAB17155277093E7004ACB90 /* RxSwift */ = {
			isa = XCSwiftPackageProductDependency;
			package = FAB1714E277093E7004ACB90 /* XCRemoteSwiftPackageReference "RxSwift" */;
			productName = RxSwift;
		};
		FAB1715D27709432004ACB90 /* Alamofire */ = {
			isa = XCSwiftPackageProductDependency;
			package = FAB1715C27709432004ACB90 /* XCRemoteSwiftPackageReference "Alamofire" */;
			productName = Alamofire;
		};
		FAB1716027709493004ACB90 /* FirebaseAuth */ = {
			isa = XCSwiftPackageProductDependency;
			package = FAB1715F27709493004ACB90 /* XCRemoteSwiftPackageReference "firebase-ios-sdk" */;
			productName = FirebaseAuth;
		};
		FAB1716227709493004ACB90 /* FirebaseCrashlytics */ = {
			isa = XCSwiftPackageProductDependency;
			package = FAB1715F27709493004ACB90 /* XCRemoteSwiftPackageReference "firebase-ios-sdk" */;
			productName = FirebaseCrashlytics;
		};
		FAB1716427709493004ACB90 /* FirebaseFirestore */ = {
			isa = XCSwiftPackageProductDependency;
			package = FAB1715F27709493004ACB90 /* XCRemoteSwiftPackageReference "firebase-ios-sdk" */;
			productName = FirebaseFirestore;
		};
		FAB1716627709493004ACB90 /* FirebaseStorage */ = {
			isa = XCSwiftPackageProductDependency;
			package = FAB1715F27709493004ACB90 /* XCRemoteSwiftPackageReference "firebase-ios-sdk" */;
			productName = FirebaseStorage;
		};
/* End XCSwiftPackageProductDependency section */
	};
	rootObject = FAB1712F277093AA004ACB90 /* Project object */;
}
