// !$*UTF8*$!
{
	archiveVersion = 1;
	classes = {
	};
	objectVersion = 55;
	objects = {

/* Begin PBXBuildFile section */
		FA3AE600277098E6003543FD /* LoginViewController.swift in Sources */ = {isa = PBXBuildFile; fileRef = FA3AE5FF277098E6003543FD /* LoginViewController.swift */; };
		FA3AE60227709926003543FD /* LoginViewInput.swift in Sources */ = {isa = PBXBuildFile; fileRef = FA3AE60127709926003543FD /* LoginViewInput.swift */; };
		FA3AE60427709950003543FD /* LoginPresenter.swift in Sources */ = {isa = PBXBuildFile; fileRef = FA3AE60327709950003543FD /* LoginPresenter.swift */; };
		FA3AE60627709965003543FD /* LoginPresenterProtocol.swift in Sources */ = {isa = PBXBuildFile; fileRef = FA3AE60527709965003543FD /* LoginPresenterProtocol.swift */; };
		FA3AE60827709993003543FD /* LoginInteractorInput.swift in Sources */ = {isa = PBXBuildFile; fileRef = FA3AE60727709993003543FD /* LoginInteractorInput.swift */; };
		FA3AE60A277099AC003543FD /* LoginInteractor.swift in Sources */ = {isa = PBXBuildFile; fileRef = FA3AE609277099AC003543FD /* LoginInteractor.swift */; };
		FA3AE60C277099C6003543FD /* LoginRouter.swift in Sources */ = {isa = PBXBuildFile; fileRef = FA3AE60B277099C6003543FD /* LoginRouter.swift */; };
		FA3AE60E277099DD003543FD /* LoginAssembly.swift in Sources */ = {isa = PBXBuildFile; fileRef = FA3AE60D277099DD003543FD /* LoginAssembly.swift */; };
		FA3AE6162770BEDF003543FD /* RegisterViewController.swift in Sources */ = {isa = PBXBuildFile; fileRef = FA3AE6152770BEDF003543FD /* RegisterViewController.swift */; };
		FA3AE6182770BEF5003543FD /* RegisterViewInput.swift in Sources */ = {isa = PBXBuildFile; fileRef = FA3AE6172770BEF5003543FD /* RegisterViewInput.swift */; };
		FA3AE61A2770BF1D003543FD /* RegisterPresenterProtocol.swift in Sources */ = {isa = PBXBuildFile; fileRef = FA3AE6192770BF1D003543FD /* RegisterPresenterProtocol.swift */; };
		FA3AE61C2770BF33003543FD /* RegisterPresenter.swift in Sources */ = {isa = PBXBuildFile; fileRef = FA3AE61B2770BF33003543FD /* RegisterPresenter.swift */; };
		FA3AE61E2770BF5B003543FD /* RegisterInteractorInput.swift in Sources */ = {isa = PBXBuildFile; fileRef = FA3AE61D2770BF5B003543FD /* RegisterInteractorInput.swift */; };
		FA3AE6202770BF76003543FD /* RegisterInteractor.swift in Sources */ = {isa = PBXBuildFile; fileRef = FA3AE61F2770BF76003543FD /* RegisterInteractor.swift */; };
		FA3AE6222770BF8D003543FD /* RegisterRouter.swift in Sources */ = {isa = PBXBuildFile; fileRef = FA3AE6212770BF8D003543FD /* RegisterRouter.swift */; };
		FA3AE6242770BFA4003543FD /* RegisterAssembly.swift in Sources */ = {isa = PBXBuildFile; fileRef = FA3AE6232770BFA4003543FD /* RegisterAssembly.swift */; };
		FA3AE6272770CE57003543FD /* ServiceLocator.swift in Sources */ = {isa = PBXBuildFile; fileRef = FA3AE6262770CE57003543FD /* ServiceLocator.swift */; };
		FA3AE6292770CFB6003543FD /* AuthorizationService.swift in Sources */ = {isa = PBXBuildFile; fileRef = FA3AE6282770CFB6003543FD /* AuthorizationService.swift */; };
		FA3AE62C2770D289003543FD /* NetworkError.swift in Sources */ = {isa = PBXBuildFile; fileRef = FA3AE62B2770D289003543FD /* NetworkError.swift */; };
		FAB1713B277093AA004ACB90 /* AppDelegate.swift in Sources */ = {isa = PBXBuildFile; fileRef = FAB1713A277093AA004ACB90 /* AppDelegate.swift */; };
		FAB1713D277093AA004ACB90 /* SceneDelegate.swift in Sources */ = {isa = PBXBuildFile; fileRef = FAB1713C277093AA004ACB90 /* SceneDelegate.swift */; };
		FAB17142277093AA004ACB90 /* Main.storyboard in Resources */ = {isa = PBXBuildFile; fileRef = FAB17140277093AA004ACB90 /* Main.storyboard */; };
		FAB17144277093AB004ACB90 /* Assets.xcassets in Resources */ = {isa = PBXBuildFile; fileRef = FAB17143277093AB004ACB90 /* Assets.xcassets */; };
		FAB17147277093AB004ACB90 /* LaunchScreen.storyboard in Resources */ = {isa = PBXBuildFile; fileRef = FAB17145277093AB004ACB90 /* LaunchScreen.storyboard */; };
		FAB17152277093E7004ACB90 /* RxCocoa in Frameworks */ = {isa = PBXBuildFile; productRef = FAB17151277093E7004ACB90 /* RxCocoa */; };
		FAB17156277093E7004ACB90 /* RxSwift in Frameworks */ = {isa = PBXBuildFile; productRef = FAB17155277093E7004ACB90 /* RxSwift */; };
		FAB1715E27709432004ACB90 /* Alamofire in Frameworks */ = {isa = PBXBuildFile; productRef = FAB1715D27709432004ACB90 /* Alamofire */; };
		FAB1716127709493004ACB90 /* FirebaseAuth in Frameworks */ = {isa = PBXBuildFile; productRef = FAB1716027709493004ACB90 /* FirebaseAuth */; };
		FAB1716327709493004ACB90 /* FirebaseCrashlytics in Frameworks */ = {isa = PBXBuildFile; productRef = FAB1716227709493004ACB90 /* FirebaseCrashlytics */; };
		FAB1716527709493004ACB90 /* FirebaseFirestore in Frameworks */ = {isa = PBXBuildFile; productRef = FAB1716427709493004ACB90 /* FirebaseFirestore */; };
		FAB1716727709493004ACB90 /* FirebaseStorage in Frameworks */ = {isa = PBXBuildFile; productRef = FAB1716627709493004ACB90 /* FirebaseStorage */; };
		FAB171692770952C004ACB90 /* GoogleService-Info.plist in Resources */ = {isa = PBXBuildFile; fileRef = FAB171682770952C004ACB90 /* GoogleService-Info.plist */; };
		FAD6E4D72771B37E0029F418 /* SecureStorageService.swift in Sources */ = {isa = PBXBuildFile; fileRef = FAD6E4D62771B37E0029F418 /* SecureStorageService.swift */; };
		FAD6E4DC2771B5370029F418 /* BaseViewController.swift in Sources */ = {isa = PBXBuildFile; fileRef = FAD6E4DB2771B5370029F418 /* BaseViewController.swift */; };
		FAD6E4DF2771B9530029F418 /* CustomTextField.swift in Sources */ = {isa = PBXBuildFile; fileRef = FAD6E4DE2771B9530029F418 /* CustomTextField.swift */; };
		FAD6E4E12771B9670029F418 /* CustomTextField.xib in Resources */ = {isa = PBXBuildFile; fileRef = FAD6E4E02771B9670029F418 /* CustomTextField.xib */; };
		FAD6E4E42771B9EC0029F418 /* UIViewExtension.swift in Sources */ = {isa = PBXBuildFile; fileRef = FAD6E4E32771B9EC0029F418 /* UIViewExtension.swift */; };
/* End PBXBuildFile section */

/* Begin PBXFileReference section */
		FA3AE5FF277098E6003543FD /* LoginViewController.swift */ = {isa = PBXFileReference; lastKnownFileType = sourcecode.swift; path = LoginViewController.swift; sourceTree = "<group>"; };
		FA3AE60127709926003543FD /* LoginViewInput.swift */ = {isa = PBXFileReference; lastKnownFileType = sourcecode.swift; path = LoginViewInput.swift; sourceTree = "<group>"; };
		FA3AE60327709950003543FD /* LoginPresenter.swift */ = {isa = PBXFileReference; lastKnownFileType = sourcecode.swift; path = LoginPresenter.swift; sourceTree = "<group>"; };
		FA3AE60527709965003543FD /* LoginPresenterProtocol.swift */ = {isa = PBXFileReference; lastKnownFileType = sourcecode.swift; path = LoginPresenterProtocol.swift; sourceTree = "<group>"; };
		FA3AE60727709993003543FD /* LoginInteractorInput.swift */ = {isa = PBXFileReference; lastKnownFileType = sourcecode.swift; path = LoginInteractorInput.swift; sourceTree = "<group>"; };
		FA3AE609277099AC003543FD /* LoginInteractor.swift */ = {isa = PBXFileReference; lastKnownFileType = sourcecode.swift; path = LoginInteractor.swift; sourceTree = "<group>"; };
		FA3AE60B277099C6003543FD /* LoginRouter.swift */ = {isa = PBXFileReference; lastKnownFileType = sourcecode.swift; path = LoginRouter.swift; sourceTree = "<group>"; };
		FA3AE60D277099DD003543FD /* LoginAssembly.swift */ = {isa = PBXFileReference; lastKnownFileType = sourcecode.swift; path = LoginAssembly.swift; sourceTree = "<group>"; };
		FA3AE6152770BEDF003543FD /* RegisterViewController.swift */ = {isa = PBXFileReference; lastKnownFileType = sourcecode.swift; path = RegisterViewController.swift; sourceTree = "<group>"; };
		FA3AE6172770BEF5003543FD /* RegisterViewInput.swift */ = {isa = PBXFileReference; lastKnownFileType = sourcecode.swift; path = RegisterViewInput.swift; sourceTree = "<group>"; };
		FA3AE6192770BF1D003543FD /* RegisterPresenterProtocol.swift */ = {isa = PBXFileReference; lastKnownFileType = sourcecode.swift; path = RegisterPresenterProtocol.swift; sourceTree = "<group>"; };
		FA3AE61B2770BF33003543FD /* RegisterPresenter.swift */ = {isa = PBXFileReference; lastKnownFileType = sourcecode.swift; path = RegisterPresenter.swift; sourceTree = "<group>"; };
		FA3AE61D2770BF5B003543FD /* RegisterInteractorInput.swift */ = {isa = PBXFileReference; lastKnownFileType = sourcecode.swift; path = RegisterInteractorInput.swift; sourceTree = "<group>"; };
		FA3AE61F2770BF76003543FD /* RegisterInteractor.swift */ = {isa = PBXFileReference; lastKnownFileType = sourcecode.swift; path = RegisterInteractor.swift; sourceTree = "<group>"; };
		FA3AE6212770BF8D003543FD /* RegisterRouter.swift */ = {isa = PBXFileReference; lastKnownFileType = sourcecode.swift; path = RegisterRouter.swift; sourceTree = "<group>"; };
		FA3AE6232770BFA4003543FD /* RegisterAssembly.swift */ = {isa = PBXFileReference; lastKnownFileType = sourcecode.swift; path = RegisterAssembly.swift; sourceTree = "<group>"; };
		FA3AE6262770CE57003543FD /* ServiceLocator.swift */ = {isa = PBXFileReference; lastKnownFileType = sourcecode.swift; path = ServiceLocator.swift; sourceTree = "<group>"; };
		FA3AE6282770CFB6003543FD /* AuthorizationService.swift */ = {isa = PBXFileReference; lastKnownFileType = sourcecode.swift; path = AuthorizationService.swift; sourceTree = "<group>"; };
		FA3AE62B2770D289003543FD /* NetworkError.swift */ = {isa = PBXFileReference; lastKnownFileType = sourcecode.swift; path = NetworkError.swift; sourceTree = "<group>"; };
		FAB17137277093AA004ACB90 /* DeliveryApp.app */ = {isa = PBXFileReference; explicitFileType = wrapper.application; includeInIndex = 0; path = DeliveryApp.app; sourceTree = BUILT_PRODUCTS_DIR; };
		FAB1713A277093AA004ACB90 /* AppDelegate.swift */ = {isa = PBXFileReference; lastKnownFileType = sourcecode.swift; path = AppDelegate.swift; sourceTree = "<group>"; };
		FAB1713C277093AA004ACB90 /* SceneDelegate.swift */ = {isa = PBXFileReference; lastKnownFileType = sourcecode.swift; path = SceneDelegate.swift; sourceTree = "<group>"; };
		FAB17141277093AA004ACB90 /* Base */ = {isa = PBXFileReference; lastKnownFileType = file.storyboard; name = Base; path = Base.lproj/Main.storyboard; sourceTree = "<group>"; };
		FAB17143277093AB004ACB90 /* Assets.xcassets */ = {isa = PBXFileReference; lastKnownFileType = folder.assetcatalog; path = Assets.xcassets; sourceTree = "<group>"; };
		FAB17146277093AB004ACB90 /* Base */ = {isa = PBXFileReference; lastKnownFileType = file.storyboard; name = Base; path = Base.lproj/LaunchScreen.storyboard; sourceTree = "<group>"; };
		FAB17148277093AB004ACB90 /* Info.plist */ = {isa = PBXFileReference; lastKnownFileType = text.plist.xml; path = Info.plist; sourceTree = "<group>"; };
		FAB171682770952C004ACB90 /* GoogleService-Info.plist */ = {isa = PBXFileReference; fileEncoding = 4; lastKnownFileType = text.plist.xml; path = "GoogleService-Info.plist"; sourceTree = "<group>"; };
		FAD6E4D62771B37E0029F418 /* SecureStorageService.swift */ = {isa = PBXFileReference; lastKnownFileType = sourcecode.swift; path = SecureStorageService.swift; sourceTree = "<group>"; };
		FAD6E4DB2771B5370029F418 /* BaseViewController.swift */ = {isa = PBXFileReference; lastKnownFileType = sourcecode.swift; path = BaseViewController.swift; sourceTree = "<group>"; };
		FAD6E4DE2771B9530029F418 /* CustomTextField.swift */ = {isa = PBXFileReference; lastKnownFileType = sourcecode.swift; path = CustomTextField.swift; sourceTree = "<group>"; };
		FAD6E4E02771B9670029F418 /* CustomTextField.xib */ = {isa = PBXFileReference; lastKnownFileType = file.xib; path = CustomTextField.xib; sourceTree = "<group>"; };
		FAD6E4E32771B9EC0029F418 /* UIViewExtension.swift */ = {isa = PBXFileReference; lastKnownFileType = sourcecode.swift; path = UIViewExtension.swift; sourceTree = "<group>"; };
/* End PBXFileReference section */

/* Begin PBXFrameworksBuildPhase section */
		FAB17134277093AA004ACB90 /* Frameworks */ = {
			isa = PBXFrameworksBuildPhase;
			buildActionMask = 2147483647;
			files = (
				FAB17152277093E7004ACB90 /* RxCocoa in Frameworks */,
				FAB1716727709493004ACB90 /* FirebaseStorage in Frameworks */,
				FAB1715E27709432004ACB90 /* Alamofire in Frameworks */,
				FAB17156277093E7004ACB90 /* RxSwift in Frameworks */,
				FAB1716527709493004ACB90 /* FirebaseFirestore in Frameworks */,
				FAB1716327709493004ACB90 /* FirebaseCrashlytics in Frameworks */,
				FAB1716127709493004ACB90 /* FirebaseAuth in Frameworks */,
			);
			runOnlyForDeploymentPostprocessing = 0;
		};
/* End PBXFrameworksBuildPhase section */

/* Begin PBXGroup section */
		FA3AE5F52770967B003543FD /* Source */ = {
			isa = PBXGroup;
			children = (
				FAB17143277093AB004ACB90 /* Assets.xcassets */,
				FAB17148277093AB004ACB90 /* Info.plist */,
			);
			path = Source;
			sourceTree = "<group>";
		};
		FA3AE5F6277097FA003543FD /* Delegates */ = {
			isa = PBXGroup;
			children = (
				FAB1713A277093AA004ACB90 /* AppDelegate.swift */,
				FAB1713C277093AA004ACB90 /* SceneDelegate.swift */,
			);
			path = Delegates;
			sourceTree = "<group>";
		};
		FA3AE5F72770980E003543FD /* Modules */ = {
			isa = PBXGroup;
			children = (
				FA3AE60F2770BE6E003543FD /* RegisterScreen */,
				FA3AE5F927709879003543FD /* LoginScreen */,
			);
			path = Modules;
			sourceTree = "<group>";
		};
		FA3AE5F827709816003543FD /* Storyboards */ = {
			isa = PBXGroup;
			children = (
				FAB17145277093AB004ACB90 /* LaunchScreen.storyboard */,
				FAB17140277093AA004ACB90 /* Main.storyboard */,
			);
			path = Storyboards;
			sourceTree = "<group>";
		};
		FA3AE5F927709879003543FD /* LoginScreen */ = {
			isa = PBXGroup;
			children = (
				FA3AE5FE277098BB003543FD /* LoginRouter */,
				FA3AE5FD277098AE003543FD /* LoginInteractor */,
				FA3AE5FC277098A5003543FD /* LoginPresenter */,
				FA3AE5FB2770989C003543FD /* LoginView */,
				FA3AE5FA27709884003543FD /* LoginAssembly */,
			);
			path = LoginScreen;
			sourceTree = "<group>";
		};
		FA3AE5FA27709884003543FD /* LoginAssembly */ = {
			isa = PBXGroup;
			children = (
				FA3AE60D277099DD003543FD /* LoginAssembly.swift */,
			);
			path = LoginAssembly;
			sourceTree = "<group>";
		};
		FA3AE5FB2770989C003543FD /* LoginView */ = {
			isa = PBXGroup;
			children = (
				FA3AE5FF277098E6003543FD /* LoginViewController.swift */,
				FA3AE60127709926003543FD /* LoginViewInput.swift */,
			);
			path = LoginView;
			sourceTree = "<group>";
		};
		FA3AE5FC277098A5003543FD /* LoginPresenter */ = {
			isa = PBXGroup;
			children = (
				FA3AE60327709950003543FD /* LoginPresenter.swift */,
				FA3AE60527709965003543FD /* LoginPresenterProtocol.swift */,
			);
			path = LoginPresenter;
			sourceTree = "<group>";
		};
		FA3AE5FD277098AE003543FD /* LoginInteractor */ = {
			isa = PBXGroup;
			children = (
				FA3AE60727709993003543FD /* LoginInteractorInput.swift */,
				FA3AE609277099AC003543FD /* LoginInteractor.swift */,
			);
			path = LoginInteractor;
			sourceTree = "<group>";
		};
		FA3AE5FE277098BB003543FD /* LoginRouter */ = {
			isa = PBXGroup;
			children = (
				FA3AE60B277099C6003543FD /* LoginRouter.swift */,
			);
			path = LoginRouter;
			sourceTree = "<group>";
		};
		FA3AE60F2770BE6E003543FD /* RegisterScreen */ = {
			isa = PBXGroup;
			children = (
				FA3AE6142770BE9B003543FD /* RegisterAssembly */,
				FA3AE6132770BE93003543FD /* RegisterRouter */,
				FA3AE6122770BE8A003543FD /* RegisterInteractor */,
				FA3AE6112770BE82003543FD /* RegisterPresenter */,
				FA3AE6102770BE7C003543FD /* RegisterView */,
			);
			path = RegisterScreen;
			sourceTree = "<group>";
		};
		FA3AE6102770BE7C003543FD /* RegisterView */ = {
			isa = PBXGroup;
			children = (
				FA3AE6152770BEDF003543FD /* RegisterViewController.swift */,
				FA3AE6172770BEF5003543FD /* RegisterViewInput.swift */,
			);
			path = RegisterView;
			sourceTree = "<group>";
		};
		FA3AE6112770BE82003543FD /* RegisterPresenter */ = {
			isa = PBXGroup;
			children = (
				FA3AE6192770BF1D003543FD /* RegisterPresenterProtocol.swift */,
				FA3AE61B2770BF33003543FD /* RegisterPresenter.swift */,
			);
			path = RegisterPresenter;
			sourceTree = "<group>";
		};
		FA3AE6122770BE8A003543FD /* RegisterInteractor */ = {
			isa = PBXGroup;
			children = (
				FA3AE61D2770BF5B003543FD /* RegisterInteractorInput.swift */,
				FA3AE61F2770BF76003543FD /* RegisterInteractor.swift */,
			);
			path = RegisterInteractor;
			sourceTree = "<group>";
		};
		FA3AE6132770BE93003543FD /* RegisterRouter */ = {
			isa = PBXGroup;
			children = (
				FA3AE6212770BF8D003543FD /* RegisterRouter.swift */,
			);
			path = RegisterRouter;
			sourceTree = "<group>";
		};
		FA3AE6142770BE9B003543FD /* RegisterAssembly */ = {
			isa = PBXGroup;
			children = (
				FA3AE6232770BFA4003543FD /* RegisterAssembly.swift */,
			);
			path = RegisterAssembly;
			sourceTree = "<group>";
		};
		FA3AE6252770CE48003543FD /* Services */ = {
			isa = PBXGroup;
			children = (
				FA3AE6262770CE57003543FD /* ServiceLocator.swift */,
				FA3AE6282770CFB6003543FD /* AuthorizationService.swift */,
				FAD6E4D62771B37E0029F418 /* SecureStorageService.swift */,
			);
			path = Services;
			sourceTree = "<group>";
		};
		FA3AE62A2770D27F003543FD /* Base */ = {
			isa = PBXGroup;
			children = (
				FAD6E4E22771B9DA0029F418 /* Extensions */,
				FAD6E4DD2771B8B20029F418 /* Views */,
				FA3AE62B2770D289003543FD /* NetworkError.swift */,
				FAD6E4DB2771B5370029F418 /* BaseViewController.swift */,
			);
			path = Base;
			sourceTree = "<group>";
		};
		FAB1712E277093AA004ACB90 = {
			isa = PBXGroup;
			children = (
				FAB17139277093AA004ACB90 /* DeliveryApp */,
				FAB17138277093AA004ACB90 /* Products */,
			);
			sourceTree = "<group>";
		};
		FAB17138277093AA004ACB90 /* Products */ = {
			isa = PBXGroup;
			children = (
				FAB17137277093AA004ACB90 /* DeliveryApp.app */,
			);
			name = Products;
			sourceTree = "<group>";
		};
		FAB17139277093AA004ACB90 /* DeliveryApp */ = {
			isa = PBXGroup;
			children = (
				FA3AE62A2770D27F003543FD /* Base */,
				FA3AE6252770CE48003543FD /* Services */,
				FA3AE5F827709816003543FD /* Storyboards */,
				FA3AE5F72770980E003543FD /* Modules */,
				FA3AE5F6277097FA003543FD /* Delegates */,
				FA3AE5F52770967B003543FD /* Source */,
				FAB171682770952C004ACB90 /* GoogleService-Info.plist */,
			);
			path = DeliveryApp;
			sourceTree = "<group>";
		};
		FAD6E4DD2771B8B20029F418 /* Views */ = {
			isa = PBXGroup;
			children = (
				FAD6E4DE2771B9530029F418 /* CustomTextField.swift */,
				FAD6E4E02771B9670029F418 /* CustomTextField.xib */,
			);
			path = Views;
			sourceTree = "<group>";
		};
		FAD6E4E22771B9DA0029F418 /* Extensions */ = {
			isa = PBXGroup;
			children = (
				FAD6E4E32771B9EC0029F418 /* UIViewExtension.swift */,
			);
			path = Extensions;
			sourceTree = "<group>";
		};
/* End PBXGroup section */

/* Begin PBXNativeTarget section */
		FAB17136277093AA004ACB90 /* DeliveryApp */ = {
			isa = PBXNativeTarget;
			buildConfigurationList = FAB1714B277093AB004ACB90 /* Build configuration list for PBXNativeTarget "DeliveryApp" */;
			buildPhases = (
				FAB17133277093AA004ACB90 /* Sources */,
				FAB17134277093AA004ACB90 /* Frameworks */,
				FAB17135277093AA004ACB90 /* Resources */,
			);
			buildRules = (
			);
			dependencies = (
			);
			name = DeliveryApp;
			packageProductDependencies = (
				FAB17151277093E7004ACB90 /* RxCocoa */,
				FAB17155277093E7004ACB90 /* RxSwift */,
				FAB1715D27709432004ACB90 /* Alamofire */,
				FAB1716027709493004ACB90 /* FirebaseAuth */,
				FAB1716227709493004ACB90 /* FirebaseCrashlytics */,
				FAB1716427709493004ACB90 /* FirebaseFirestore */,
				FAB1716627709493004ACB90 /* FirebaseStorage */,
			);
			productName = DeliveryApp;
			productReference = FAB17137277093AA004ACB90 /* DeliveryApp.app */;
			productType = "com.apple.product-type.application";
		};
/* End PBXNativeTarget section */

/* Begin PBXProject section */
		FAB1712F277093AA004ACB90 /* Project object */ = {
			isa = PBXProject;
			attributes = {
				BuildIndependentTargetsInParallel = 1;
				LastSwiftUpdateCheck = 1320;
				LastUpgradeCheck = 1320;
				TargetAttributes = {
					FAB17136277093AA004ACB90 = {
						CreatedOnToolsVersion = 13.2;
					};
				};
			};
			buildConfigurationList = FAB17132277093AA004ACB90 /* Build configuration list for PBXProject "DeliveryApp" */;
			compatibilityVersion = "Xcode 13.0";
			developmentRegion = en;
			hasScannedForEncodings = 0;
			knownRegions = (
				en,
				Base,
			);
			mainGroup = FAB1712E277093AA004ACB90;
			packageReferences = (
				FAB1714E277093E7004ACB90 /* XCRemoteSwiftPackageReference "RxSwift" */,
				FAB1715C27709432004ACB90 /* XCRemoteSwiftPackageReference "Alamofire" */,
				FAB1715F27709493004ACB90 /* XCRemoteSwiftPackageReference "firebase-ios-sdk" */,
			);
			productRefGroup = FAB17138277093AA004ACB90 /* Products */;
			projectDirPath = "";
			projectRoot = "";
			targets = (
				FAB17136277093AA004ACB90 /* DeliveryApp */,
			);
		};
/* End PBXProject section */

/* Begin PBXResourcesBuildPhase section */
		FAB17135277093AA004ACB90 /* Resources */ = {
			isa = PBXResourcesBuildPhase;
			buildActionMask = 2147483647;
			files = (
				FAD6E4E12771B9670029F418 /* CustomTextField.xib in Resources */,
				FAB17147277093AB004ACB90 /* LaunchScreen.storyboard in Resources */,
				FAB171692770952C004ACB90 /* GoogleService-Info.plist in Resources */,
				FAB17144277093AB004ACB90 /* Assets.xcassets in Resources */,
				FAB17142277093AA004ACB90 /* Main.storyboard in Resources */,
			);
			runOnlyForDeploymentPostprocessing = 0;
		};
/* End PBXResourcesBuildPhase section */

/* Begin PBXSourcesBuildPhase section */
		FAB17133277093AA004ACB90 /* Sources */ = {
			isa = PBXSourcesBuildPhase;
			buildActionMask = 2147483647;
			files = (
				FA3AE60627709965003543FD /* LoginPresenterProtocol.swift in Sources */,
				FA3AE6162770BEDF003543FD /* RegisterViewController.swift in Sources */,
				FA3AE61E2770BF5B003543FD /* RegisterInteractorInput.swift in Sources */,
				FAD6E4DC2771B5370029F418 /* BaseViewController.swift in Sources */,
				FA3AE6202770BF76003543FD /* RegisterInteractor.swift in Sources */,
				FA3AE60E277099DD003543FD /* LoginAssembly.swift in Sources */,
				FA3AE600277098E6003543FD /* LoginViewController.swift in Sources */,
				FAB1713B277093AA004ACB90 /* AppDelegate.swift in Sources */,
				FA3AE61A2770BF1D003543FD /* RegisterPresenterProtocol.swift in Sources */,
				FAD6E4D72771B37E0029F418 /* SecureStorageService.swift in Sources */,
				FAB1713D277093AA004ACB90 /* SceneDelegate.swift in Sources */,
				FA3AE6182770BEF5003543FD /* RegisterViewInput.swift in Sources */,
				FA3AE60A277099AC003543FD /* LoginInteractor.swift in Sources */,
				FA3AE6292770CFB6003543FD /* AuthorizationService.swift in Sources */,
				FA3AE61C2770BF33003543FD /* RegisterPresenter.swift in Sources */,
				FA3AE60C277099C6003543FD /* LoginRouter.swift in Sources */,
				FA3AE60227709926003543FD /* LoginViewInput.swift in Sources */,
				FA3AE62C2770D289003543FD /* NetworkError.swift in Sources */,
				FA3AE6222770BF8D003543FD /* RegisterRouter.swift in Sources */,
				FA3AE6272770CE57003543FD /* ServiceLocator.swift in Sources */,
				FAD6E4E42771B9EC0029F418 /* UIViewExtension.swift in Sources */,
				FAD6E4DF2771B9530029F418 /* CustomTextField.swift in Sources */,
				FA3AE60827709993003543FD /* LoginInteractorInput.swift in Sources */,
				FA3AE6242770BFA4003543FD /* RegisterAssembly.swift in Sources */,
				FA3AE60427709950003543FD /* LoginPresenter.swift in Sources */,
			);
			runOnlyForDeploymentPostprocessing = 0;
		};
/* End PBXSourcesBuildPhase section */

/* Begin PBXVariantGroup section */
		FAB17140277093AA004ACB90 /* Main.storyboard */ = {
			isa = PBXVariantGroup;
			children = (
				FAB17141277093AA004ACB90 /* Base */,
			);
			name = Main.storyboard;
			sourceTree = "<group>";
		};
		FAB17145277093AB004ACB90 /* LaunchScreen.storyboard */ = {
			isa = PBXVariantGroup;
			children = (
				FAB17146277093AB004ACB90 /* Base */,
			);
			name = LaunchScreen.storyboard;
			sourceTree = "<group>";
		};
/* End PBXVariantGroup section */

/* Begin XCBuildConfiguration section */
		FAB17149277093AB004ACB90 /* Debug */ = {
			isa = XCBuildConfiguration;
			buildSettings = {
				ALWAYS_SEARCH_USER_PATHS = NO;
				CLANG_ANALYZER_NONNULL = YES;
				CLANG_ANALYZER_NUMBER_OBJECT_CONVERSION = YES_AGGRESSIVE;
				CLANG_CXX_LANGUAGE_STANDARD = "gnu++17";
				CLANG_CXX_LIBRARY = "libc++";
				CLANG_ENABLE_MODULES = YES;
				CLANG_ENABLE_OBJC_ARC = YES;
				CLANG_ENABLE_OBJC_WEAK = YES;
				CLANG_WARN_BLOCK_CAPTURE_AUTORELEASING = YES;
				CLANG_WARN_BOOL_CONVERSION = YES;
				CLANG_WARN_COMMA = YES;
				CLANG_WARN_CONSTANT_CONVERSION = YES;
				CLANG_WARN_DEPRECATED_OBJC_IMPLEMENTATIONS = YES;
				CLANG_WARN_DIRECT_OBJC_ISA_USAGE = YES_ERROR;
				CLANG_WARN_DOCUMENTATION_COMMENTS = YES;
				CLANG_WARN_EMPTY_BODY = YES;
				CLANG_WARN_ENUM_CONVERSION = YES;
				CLANG_WARN_INFINITE_RECURSION = YES;
				CLANG_WARN_INT_CONVERSION = YES;
				CLANG_WARN_NON_LITERAL_NULL_CONVERSION = YES;
				CLANG_WARN_OBJC_IMPLICIT_RETAIN_SELF = YES;
				CLANG_WARN_OBJC_LITERAL_CONVERSION = YES;
				CLANG_WARN_OBJC_ROOT_CLASS = YES_ERROR;
				CLANG_WARN_QUOTED_INCLUDE_IN_FRAMEWORK_HEADER = YES;
				CLANG_WARN_RANGE_LOOP_ANALYSIS = YES;
				CLANG_WARN_STRICT_PROTOTYPES = YES;
				CLANG_WARN_SUSPICIOUS_MOVE = YES;
				CLANG_WARN_UNGUARDED_AVAILABILITY = YES_AGGRESSIVE;
				CLANG_WARN_UNREACHABLE_CODE = YES;
				CLANG_WARN__DUPLICATE_METHOD_MATCH = YES;
				COPY_PHASE_STRIP = NO;
				DEBUG_INFORMATION_FORMAT = dwarf;
				ENABLE_STRICT_OBJC_MSGSEND = YES;
				ENABLE_TESTABILITY = YES;
				GCC_C_LANGUAGE_STANDARD = gnu11;
				GCC_DYNAMIC_NO_PIC = NO;
				GCC_NO_COMMON_BLOCKS = YES;
				GCC_OPTIMIZATION_LEVEL = 0;
				GCC_PREPROCESSOR_DEFINITIONS = (
					"DEBUG=1",
					"$(inherited)",
				);
				GCC_WARN_64_TO_32_BIT_CONVERSION = YES;
				GCC_WARN_ABOUT_RETURN_TYPE = YES_ERROR;
				GCC_WARN_UNDECLARED_SELECTOR = YES;
				GCC_WARN_UNINITIALIZED_AUTOS = YES_AGGRESSIVE;
				GCC_WARN_UNUSED_FUNCTION = YES;
				GCC_WARN_UNUSED_VARIABLE = YES;
				IPHONEOS_DEPLOYMENT_TARGET = 13.0;
				MTL_ENABLE_DEBUG_INFO = INCLUDE_SOURCE;
				MTL_FAST_MATH = YES;
				ONLY_ACTIVE_ARCH = YES;
				SDKROOT = iphoneos;
				SWIFT_ACTIVE_COMPILATION_CONDITIONS = DEBUG;
				SWIFT_OPTIMIZATION_LEVEL = "-Onone";
			};
			name = Debug;
		};
		FAB1714A277093AB004ACB90 /* Release */ = {
			isa = XCBuildConfiguration;
			buildSettings = {
				ALWAYS_SEARCH_USER_PATHS = NO;
				CLANG_ANALYZER_NONNULL = YES;
				CLANG_ANALYZER_NUMBER_OBJECT_CONVERSION = YES_AGGRESSIVE;
				CLANG_CXX_LANGUAGE_STANDARD = "gnu++17";
				CLANG_CXX_LIBRARY = "libc++";
				CLANG_ENABLE_MODULES = YES;
				CLANG_ENABLE_OBJC_ARC = YES;
				CLANG_ENABLE_OBJC_WEAK = YES;
				CLANG_WARN_BLOCK_CAPTURE_AUTORELEASING = YES;
				CLANG_WARN_BOOL_CONVERSION = YES;
				CLANG_WARN_COMMA = YES;
				CLANG_WARN_CONSTANT_CONVERSION = YES;
				CLANG_WARN_DEPRECATED_OBJC_IMPLEMENTATIONS = YES;
				CLANG_WARN_DIRECT_OBJC_ISA_USAGE = YES_ERROR;
				CLANG_WARN_DOCUMENTATION_COMMENTS = YES;
				CLANG_WARN_EMPTY_BODY = YES;
				CLANG_WARN_ENUM_CONVERSION = YES;
				CLANG_WARN_INFINITE_RECURSION = YES;
				CLANG_WARN_INT_CONVERSION = YES;
				CLANG_WARN_NON_LITERAL_NULL_CONVERSION = YES;
				CLANG_WARN_OBJC_IMPLICIT_RETAIN_SELF = YES;
				CLANG_WARN_OBJC_LITERAL_CONVERSION = YES;
				CLANG_WARN_OBJC_ROOT_CLASS = YES_ERROR;
				CLANG_WARN_QUOTED_INCLUDE_IN_FRAMEWORK_HEADER = YES;
				CLANG_WARN_RANGE_LOOP_ANALYSIS = YES;
				CLANG_WARN_STRICT_PROTOTYPES = YES;
				CLANG_WARN_SUSPICIOUS_MOVE = YES;
				CLANG_WARN_UNGUARDED_AVAILABILITY = YES_AGGRESSIVE;
				CLANG_WARN_UNREACHABLE_CODE = YES;
				CLANG_WARN__DUPLICATE_METHOD_MATCH = YES;
				COPY_PHASE_STRIP = NO;
				DEBUG_INFORMATION_FORMAT = "dwarf-with-dsym";
				ENABLE_NS_ASSERTIONS = NO;
				ENABLE_STRICT_OBJC_MSGSEND = YES;
				GCC_C_LANGUAGE_STANDARD = gnu11;
				GCC_NO_COMMON_BLOCKS = YES;
				GCC_WARN_64_TO_32_BIT_CONVERSION = YES;
				GCC_WARN_ABOUT_RETURN_TYPE = YES_ERROR;
				GCC_WARN_UNDECLARED_SELECTOR = YES;
				GCC_WARN_UNINITIALIZED_AUTOS = YES_AGGRESSIVE;
				GCC_WARN_UNUSED_FUNCTION = YES;
				GCC_WARN_UNUSED_VARIABLE = YES;
				IPHONEOS_DEPLOYMENT_TARGET = 13.0;
				MTL_ENABLE_DEBUG_INFO = NO;
				MTL_FAST_MATH = YES;
				SDKROOT = iphoneos;
				SWIFT_COMPILATION_MODE = wholemodule;
				SWIFT_OPTIMIZATION_LEVEL = "-O";
				VALIDATE_PRODUCT = YES;
			};
			name = Release;
		};
		FAB1714C277093AB004ACB90 /* Debug */ = {
			isa = XCBuildConfiguration;
			buildSettings = {
				ASSETCATALOG_COMPILER_APPICON_NAME = AppIcon;
				ASSETCATALOG_COMPILER_GLOBAL_ACCENT_COLOR_NAME = AccentColor;
				CODE_SIGN_STYLE = Automatic;
				CURRENT_PROJECT_VERSION = 1;
				DEVELOPMENT_TEAM = 5ACJXA9F63;
				GENERATE_INFOPLIST_FILE = YES;
				INFOPLIST_FILE = DeliveryApp/Source/Info.plist;
				INFOPLIST_KEY_UIApplicationSupportsIndirectInputEvents = YES;
				INFOPLIST_KEY_UILaunchStoryboardName = LaunchScreen;
				INFOPLIST_KEY_UISupportedInterfaceOrientations = UIInterfaceOrientationPortrait;
				INFOPLIST_KEY_UISupportedInterfaceOrientations_iPad = "UIInterfaceOrientationPortrait UIInterfaceOrientationPortraitUpsideDown UIInterfaceOrientationLandscapeLeft UIInterfaceOrientationLandscapeRight";
				INFOPLIST_KEY_UISupportedInterfaceOrientations_iPhone = "UIInterfaceOrientationPortrait UIInterfaceOrientationLandscapeLeft UIInterfaceOrientationLandscapeRight";
				IPHONEOS_DEPLOYMENT_TARGET = 13.0;
				LD_RUNPATH_SEARCH_PATHS = (
					"$(inherited)",
					"@executable_path/Frameworks",
				);
				MARKETING_VERSION = 1.0;
				PRODUCT_BUNDLE_IDENTIFIER = Mikita.Glavinski.DeliveryApp;
				PRODUCT_NAME = "$(TARGET_NAME)";
				SWIFT_EMIT_LOC_STRINGS = YES;
				SWIFT_VERSION = 5.0;
				TARGETED_DEVICE_FAMILY = 1;
			};
			name = Debug;
		};
		FAB1714D277093AB004ACB90 /* Release */ = {
			isa = XCBuildConfiguration;
			buildSettings = {
				ASSETCATALOG_COMPILER_APPICON_NAME = AppIcon;
				ASSETCATALOG_COMPILER_GLOBAL_ACCENT_COLOR_NAME = AccentColor;
				CODE_SIGN_STYLE = Automatic;
				CURRENT_PROJECT_VERSION = 1;
				DEVELOPMENT_TEAM = 5ACJXA9F63;
				GENERATE_INFOPLIST_FILE = YES;
				INFOPLIST_FILE = DeliveryApp/Source/Info.plist;
				INFOPLIST_KEY_UIApplicationSupportsIndirectInputEvents = YES;
				INFOPLIST_KEY_UILaunchStoryboardName = LaunchScreen;
				INFOPLIST_KEY_UISupportedInterfaceOrientations = UIInterfaceOrientationPortrait;
				INFOPLIST_KEY_UISupportedInterfaceOrientations_iPad = "UIInterfaceOrientationPortrait UIInterfaceOrientationPortraitUpsideDown UIInterfaceOrientationLandscapeLeft UIInterfaceOrientationLandscapeRight";
				INFOPLIST_KEY_UISupportedInterfaceOrientations_iPhone = "UIInterfaceOrientationPortrait UIInterfaceOrientationLandscapeLeft UIInterfaceOrientationLandscapeRight";
				IPHONEOS_DEPLOYMENT_TARGET = 13.0;
				LD_RUNPATH_SEARCH_PATHS = (
					"$(inherited)",
					"@executable_path/Frameworks",
				);
				MARKETING_VERSION = 1.0;
				PRODUCT_BUNDLE_IDENTIFIER = Mikita.Glavinski.DeliveryApp;
				PRODUCT_NAME = "$(TARGET_NAME)";
				SWIFT_EMIT_LOC_STRINGS = YES;
				SWIFT_VERSION = 5.0;
				TARGETED_DEVICE_FAMILY = 1;
			};
			name = Release;
		};
/* End XCBuildConfiguration section */

/* Begin XCConfigurationList section */
		FAB17132277093AA004ACB90 /* Build configuration list for PBXProject "DeliveryApp" */ = {
			isa = XCConfigurationList;
			buildConfigurations = (
				FAB17149277093AB004ACB90 /* Debug */,
				FAB1714A277093AB004ACB90 /* Release */,
			);
			defaultConfigurationIsVisible = 0;
			defaultConfigurationName = Release;
		};
		FAB1714B277093AB004ACB90 /* Build configuration list for PBXNativeTarget "DeliveryApp" */ = {
			isa = XCConfigurationList;
			buildConfigurations = (
				FAB1714C277093AB004ACB90 /* Debug */,
				FAB1714D277093AB004ACB90 /* Release */,
			);
			defaultConfigurationIsVisible = 0;
			defaultConfigurationName = Release;
		};
/* End XCConfigurationList section */

/* Begin XCRemoteSwiftPackageReference section */
		FAB1714E277093E7004ACB90 /* XCRemoteSwiftPackageReference "RxSwift" */ = {
			isa = XCRemoteSwiftPackageReference;
			repositoryURL = "https://github.com/ReactiveX/RxSwift";
			requirement = {
				kind = upToNextMajorVersion;
				minimumVersion = 6.0.0;
			};
		};
		FAB1715C27709432004ACB90 /* XCRemoteSwiftPackageReference "Alamofire" */ = {
			isa = XCRemoteSwiftPackageReference;
			repositoryURL = "https://github.com/Alamofire/Alamofire";
			requirement = {
				kind = upToNextMajorVersion;
				minimumVersion = 5.0.0;
			};
		};
		FAB1715F27709493004ACB90 /* XCRemoteSwiftPackageReference "firebase-ios-sdk" */ = {
			isa = XCRemoteSwiftPackageReference;
			repositoryURL = "https://github.com/firebase/firebase-ios-sdk";
			requirement = {
				kind = upToNextMajorVersion;
				minimumVersion = 8.0.0;
			};
		};
/* End XCRemoteSwiftPackageReference section */

/* Begin XCSwiftPackageProductDependency section */
		FAB17151277093E7004ACB90 /* RxCocoa */ = {
			isa = XCSwiftPackageProductDependency;
			package = FAB1714E277093E7004ACB90 /* XCRemoteSwiftPackageReference "RxSwift" */;
			productName = RxCocoa;
		};
		FAB17155277093E7004ACB90 /* RxSwift */ = {
			isa = XCSwiftPackageProductDependency;
			package = FAB1714E277093E7004ACB90 /* XCRemoteSwiftPackageReference "RxSwift" */;
			productName = RxSwift;
		};
		FAB1715D27709432004ACB90 /* Alamofire */ = {
			isa = XCSwiftPackageProductDependency;
			package = FAB1715C27709432004ACB90 /* XCRemoteSwiftPackageReference "Alamofire" */;
			productName = Alamofire;
		};
		FAB1716027709493004ACB90 /* FirebaseAuth */ = {
			isa = XCSwiftPackageProductDependency;
			package = FAB1715F27709493004ACB90 /* XCRemoteSwiftPackageReference "firebase-ios-sdk" */;
			productName = FirebaseAuth;
		};
		FAB1716227709493004ACB90 /* FirebaseCrashlytics */ = {
			isa = XCSwiftPackageProductDependency;
			package = FAB1715F27709493004ACB90 /* XCRemoteSwiftPackageReference "firebase-ios-sdk" */;
			productName = FirebaseCrashlytics;
		};
		FAB1716427709493004ACB90 /* FirebaseFirestore */ = {
			isa = XCSwiftPackageProductDependency;
			package = FAB1715F27709493004ACB90 /* XCRemoteSwiftPackageReference "firebase-ios-sdk" */;
			productName = FirebaseFirestore;
		};
		FAB1716627709493004ACB90 /* FirebaseStorage */ = {
			isa = XCSwiftPackageProductDependency;
			package = FAB1715F27709493004ACB90 /* XCRemoteSwiftPackageReference "firebase-ios-sdk" */;
			productName = FirebaseStorage;
		};
/* End XCSwiftPackageProductDependency section */
	};
	rootObject = FAB1712F277093AA004ACB90 /* Project object */;
}
